{
  "name": "gnome-shell-extension-gtile",
  "version": "1.0.0",
  "lockfileVersion": 3,
  "requires": true,
  "packages": {
    "": {
      "name": "gnome-shell-extension-gtile",
      "version": "1.0.0",
      "license": "GPL-2.0-or-later",
      "devDependencies": {
        "@schnz/adw-1": "^1.4.0-3.2.2",
        "@schnz/gnome-shell": "^3.0.0",
        "typescript": "^5.2.2"
      }
    },
    "node_modules/@schnz/adw-1": {
      "version": "1.4.0-3.2.2",
      "resolved": "https://npm.pkg.github.com/download/@schnz/adw-1/1.4.0-3.2.2/ecf4716bb7bad8a77df1754e747c71ed092f0a31",
      "integrity": "sha512-VdDGJFaQpDn3Cs3THbJ0aBUejtKSvrtKb2uu9hObsytFF++bUPh+MbutscKryzfvrT+o8z5mj6xQroDVNIlS+w==",
      "dev": true,
      "license": "MIT",
      "dependencies": {
        "@schnz/cairo-1.0": "*",
        "@schnz/freetype2-2.0": "*",
        "@schnz/gdk-4.0": "*",
        "@schnz/gdkpixbuf-2.0": "*",
        "@schnz/gio-2.0": "*",
        "@schnz/gjs": "3.2.2",
        "@schnz/glib-2.0": "*",
        "@schnz/gmodule-2.0": "*",
        "@schnz/gobject-2.0": "*",
        "@schnz/graphene-1.0": "*",
        "@schnz/gsk-4.0": "*",
        "@schnz/gtk-4.0": "*",
        "@schnz/harfbuzz-0.0": "*",
        "@schnz/pango-1.0": "*",
        "@schnz/pangocairo-1.0": "*"
      }
    },
    "node_modules/@schnz/atk-1.0": {
      "version": "2.50.0-3.2.2",
      "resolved": "https://npm.pkg.github.com/download/@schnz/atk-1.0/2.50.0-3.2.2/2319e56fd3284225e7bf17efb3e49371784de90f",
      "integrity": "sha512-1HXPjpFPjAif1W9mXv/LuUDin/lC0tPgpBnCceY6U8gSEwE+VLBVOY26Vc0OJfYXsJPBtkhtr+O6lxfbiBD3yg==",
      "dev": true,
      "license": "MIT",
      "dependencies": {
        "@schnz/gjs": "3.2.2",
        "@schnz/glib-2.0": "*",
        "@schnz/gobject-2.0": "*"
      }
    },
    "node_modules/@schnz/cairo-1.0": {
      "version": "1.0.0-3.2.2",
      "resolved": "https://npm.pkg.github.com/download/@schnz/cairo-1.0/1.0.0-3.2.2/d1f56d5b6c8e2e1337308b975addbf385cf83058",
      "integrity": "sha512-IKSFepjQ7lSWUjOayW7WyEhZVV3B6wYcv9n8/eIRr8j/20i1nyo8c226vVKtm/pteyK7I2JBThyL2hZbm41RIQ==",
      "dev": true,
      "license": "MIT",
      "dependencies": {
        "@schnz/gjs": "3.2.2",
        "@schnz/glib-2.0": "*",
        "@schnz/gobject-2.0": "*"
      }
    },
    "node_modules/@schnz/cally-13": {
      "version": "13.0.0-3.2.2",
      "resolved": "https://npm.pkg.github.com/download/@schnz/cally-13/13.0.0-3.2.2/4a255d695aeec151380d5067bf19eaf786f112d2",
      "integrity": "sha512-lAZUid9kVlj3HsnUQlnUfdVxOzSwDLS+I6WWZpi/HdeiuTKArM2Y67lprbnE4PMFeLxN5vfTLoPRnxHmkNYT2g==",
      "dev": true,
      "license": "MIT",
      "dependencies": {
        "@schnz/atk-1.0": "*",
        "@schnz/cairo-1.0": "*",
        "@schnz/clutter-13": "*",
        "@schnz/cogl-13": "*",
        "@schnz/coglpango-13": "*",
        "@schnz/freetype2-2.0": "*",
        "@schnz/gio-2.0": "*",
        "@schnz/gjs": "3.2.2",
        "@schnz/gl-1.0": "*",
        "@schnz/glib-2.0": "*",
        "@schnz/gobject-2.0": "*",
        "@schnz/graphene-1.0": "*",
        "@schnz/harfbuzz-0.0": "*",
        "@schnz/json-1.0": "*",
        "@schnz/mtk-13": "*",
        "@schnz/pango-1.0": "*",
        "@schnz/pangocairo-1.0": "*"
      }
    },
    "node_modules/@schnz/clutter-13": {
      "version": "13.0.0-3.2.2",
      "resolved": "https://npm.pkg.github.com/download/@schnz/clutter-13/13.0.0-3.2.2/1b2535dacca7f3729af74983aa3a58f7426d1a5c",
      "integrity": "sha512-1xWiFkbpGnDTKvsVS3GLFBgz+fgOCiPBBIzAMhHApdc1gDvjqi21acgfAZOiVUXBH5HllTD6FWCDeA84pZ9w4Q==",
      "dev": true,
      "license": "MIT",
      "dependencies": {
        "@schnz/atk-1.0": "*",
        "@schnz/cairo-1.0": "*",
        "@schnz/cogl-13": "*",
        "@schnz/coglpango-13": "*",
        "@schnz/freetype2-2.0": "*",
        "@schnz/gio-2.0": "*",
        "@schnz/gjs": "3.2.2",
        "@schnz/gl-1.0": "*",
        "@schnz/glib-2.0": "*",
        "@schnz/gobject-2.0": "*",
        "@schnz/graphene-1.0": "*",
        "@schnz/harfbuzz-0.0": "*",
        "@schnz/json-1.0": "*",
        "@schnz/mtk-13": "*",
        "@schnz/pango-1.0": "*",
        "@schnz/pangocairo-1.0": "*"
      }
    },
    "node_modules/@schnz/cogl-13": {
      "version": "13.0.0-3.2.2",
      "resolved": "https://npm.pkg.github.com/download/@schnz/cogl-13/13.0.0-3.2.2/e9ea8d5359552695331bd4d2abc54a10c4a8c20a",
      "integrity": "sha512-ffOUs8d6uhb3wX4pp5EDDPaRb9zFQYKEyo0beW3J6OzNZer5FcN3OOPuhZJrfxUGNQ6ounTuA9op6YRfkr3beQ==",
      "dev": true,
      "license": "MIT",
      "dependencies": {
        "@schnz/cairo-1.0": "*",
        "@schnz/gjs": "3.2.2",
        "@schnz/gl-1.0": "*",
        "@schnz/glib-2.0": "*",
        "@schnz/gobject-2.0": "*",
        "@schnz/graphene-1.0": "*"
      }
    },
    "node_modules/@schnz/coglpango-13": {
      "version": "13.0.0-3.2.2",
      "resolved": "https://npm.pkg.github.com/download/@schnz/coglpango-13/13.0.0-3.2.2/e7b3b62f585fcb0fea68e6ed60432ebd874148ea",
      "integrity": "sha512-NJ7L0viSJtKbneLCv3TZJWYTdjYbbuCi7qwWpAqEKyD8l83tXot+zvUrih1+wnBKLJ/AfgE1QijEngT6tTZG8w==",
      "dev": true,
      "license": "MIT",
      "dependencies": {
        "@schnz/cairo-1.0": "*",
        "@schnz/cogl-13": "*",
        "@schnz/freetype2-2.0": "*",
        "@schnz/gio-2.0": "*",
        "@schnz/gjs": "3.2.2",
        "@schnz/gl-1.0": "*",
        "@schnz/glib-2.0": "*",
        "@schnz/gobject-2.0": "*",
        "@schnz/graphene-1.0": "*",
        "@schnz/harfbuzz-0.0": "*",
        "@schnz/pango-1.0": "*",
        "@schnz/pangocairo-1.0": "*"
      }
    },
    "node_modules/@schnz/freetype2-2.0": {
      "version": "2.0.0-3.2.2",
      "resolved": "https://npm.pkg.github.com/download/@schnz/freetype2-2.0/2.0.0-3.2.2/fb4c3f02a4666860943d63ba321f06b316815002",
      "integrity": "sha512-zcbzbyhdJF446gxc4WHMB66QH9Tw+6NfCHpaEZBDQzjuyXsINkS5sNNz9tlOPaUPkABUZCFjKxZdc8hZVJ4Fzg==",
      "dev": true,
      "license": "MIT",
      "dependencies": {
        "@schnz/gjs": "3.2.2",
        "@schnz/gobject-2.0": "*"
      }
    },
    "node_modules/@schnz/gck-2": {
      "version": "4.1.0-3.2.2",
      "resolved": "https://npm.pkg.github.com/download/@schnz/gck-2/4.1.0-3.2.2/704ba763d8dbfc01b1f201d348ad9c54f4116d5d",
      "integrity": "sha512-r3m4rlGkNZ8CVJQJIQvgTkncwdwCA6J83+u+Mb3gJlj6JBEwvO5v5pSemtScVc6eL7hjpOn1zodKFef2mHRaLw==",
      "dev": true,
      "license": "MIT",
      "dependencies": {
        "@schnz/gio-2.0": "*",
        "@schnz/gjs": "3.2.2",
        "@schnz/glib-2.0": "*",
        "@schnz/gobject-2.0": "*"
      }
    },
    "node_modules/@schnz/gcr-4": {
      "version": "4.1.0-3.2.2",
      "resolved": "https://npm.pkg.github.com/download/@schnz/gcr-4/4.1.0-3.2.2/5716582b3a74a7ca81062ead1cff48f7cf851924",
      "integrity": "sha512-2pXUFOc9lnN1okYHQ3MyQb7vgH0lKiqQs6EGijiVujAIr7Kj0mBTdS9+FZ6yG7VIKNRxQtG6JwjSsyfZZuONSA==",
      "dev": true,
      "license": "MIT",
      "dependencies": {
        "@schnz/gck-2": "*",
        "@schnz/gio-2.0": "*",
        "@schnz/gjs": "3.2.2",
        "@schnz/glib-2.0": "*",
        "@schnz/gobject-2.0": "*"
      }
    },
    "node_modules/@schnz/gdesktopenums-3.0": {
      "version": "3.0.0-3.2.2",
      "resolved": "https://npm.pkg.github.com/download/@schnz/gdesktopenums-3.0/3.0.0-3.2.2/53a4ab355fa03a6fbf5fed8a5ecb5908bbda3f26",
      "integrity": "sha512-fgpQ2ZHri7arBUGhvkKfnRg/v3mzNU2/eOlphnf5dU15XVoMfHUU81KzE/By60tWXkDnB9SDpKobf1uqjab6qg==",
      "dev": true,
      "license": "MIT",
      "dependencies": {
        "@schnz/gjs": "3.2.2",
        "@schnz/gobject-2.0": "*"
      }
    },
    "node_modules/@schnz/gdk-4.0": {
      "version": "4.0.0-3.2.2",
      "resolved": "https://npm.pkg.github.com/download/@schnz/gdk-4.0/4.0.0-3.2.2/a8b67bbde2abb697cfb42b488635ebeb1cc2b516",
      "integrity": "sha512-d91AjwT7xk1OdFfzI8zwKyOU2PtxxYqebnHig4lNoo44sEYIZkV6sZoQYjqFXrPEO4GqMXHwNG9JJA1lZSukdA==",
      "dev": true,
      "license": "MIT",
      "dependencies": {
        "@schnz/cairo-1.0": "*",
        "@schnz/freetype2-2.0": "*",
        "@schnz/gdkpixbuf-2.0": "*",
        "@schnz/gio-2.0": "*",
        "@schnz/gjs": "3.2.2",
        "@schnz/glib-2.0": "*",
        "@schnz/gmodule-2.0": "*",
        "@schnz/gobject-2.0": "*",
        "@schnz/harfbuzz-0.0": "*",
        "@schnz/pango-1.0": "*",
        "@schnz/pangocairo-1.0": "*"
      }
    },
    "node_modules/@schnz/gdkpixbuf-2.0": {
      "version": "2.0.0-3.2.2",
      "resolved": "https://npm.pkg.github.com/download/@schnz/gdkpixbuf-2.0/2.0.0-3.2.2/8c6d8622813f710d975d64139d486300a1088772",
      "integrity": "sha512-1eVzrrU2uKFgePYzWe34bWMBNBAGPdkA8XfhL7scjHqrbowESZ6uaW4s0ij0h+SxpI0oTs6q5+H80WLiz51VHQ==",
      "dev": true,
      "license": "MIT",
      "dependencies": {
        "@schnz/gio-2.0": "*",
        "@schnz/gjs": "3.2.2",
        "@schnz/glib-2.0": "*",
        "@schnz/gmodule-2.0": "*",
        "@schnz/gobject-2.0": "*"
      }
    },
    "node_modules/@schnz/gio-2.0": {
      "version": "2.78.0-3.2.2",
      "resolved": "https://npm.pkg.github.com/download/@schnz/gio-2.0/2.78.0-3.2.2/9723b452e3cf9b1e47e83aaa4bfe186b54bff514",
      "integrity": "sha512-RA1Ij2wUN6j9OOB33IMhBUgl32z3cwNqZqKH6HODHBu3+nSKyn2G0P+4ef2zT7/ZgryC8jCQe27jf040UZF87Q==",
      "dev": true,
      "license": "MIT",
      "dependencies": {
        "@schnz/gjs": "3.2.2",
        "@schnz/glib-2.0": "*",
        "@schnz/gobject-2.0": "*"
      }
    },
    "node_modules/@schnz/gjs": {
      "version": "3.2.2",
      "resolved": "https://npm.pkg.github.com/download/@schnz/gjs/3.2.2/ff9f0d58fe0eb8419485e7147cd96c1b36e84f26",
      "integrity": "sha512-vr+FS7+1/ejz32unL1jCPXcLIQeMnvFOwRD0tjHlkj7wqEUUL3fRljGoSkBJzPqIIs+FoBM4Fz5BAhtOJd9oKA==",
      "dev": true,
      "license": "MIT",
      "dependencies": {
        "@schnz/glib-2.0": "*",
        "@schnz/gobject-2.0": "*"
      }
    },
    "node_modules/@schnz/gl-1.0": {
      "version": "1.0.0-3.2.2",
      "resolved": "https://npm.pkg.github.com/download/@schnz/gl-1.0/1.0.0-3.2.2/088e5117f2b1ed70ce1f3308844a0116affe3aaf",
      "integrity": "sha512-pBDgcV6nPTPm4mi8nA2NwMTVee7pVE7qtEHXkBSrAhuKzLN5iSalUSKKRIb3sadx/2A5VUWVHXN/yVM5BOdAiQ==",
      "dev": true,
      "license": "MIT",
      "dependencies": {
        "@schnz/gjs": "3.2.2",
        "@schnz/gobject-2.0": "*"
      }
    },
    "node_modules/@schnz/glib-2.0": {
      "version": "2.78.0-3.2.2",
      "resolved": "https://npm.pkg.github.com/download/@schnz/glib-2.0/2.78.0-3.2.2/fdfb771dbdd39c05d88cc8e2fa89754da90e6565",
      "integrity": "sha512-ArSu3T3d6rqo002zav543J+8xCjokiS/0WKYRsNYfaa/NJOaGI6hY+QM0FBug1vxWyaCvAbNZjGpDKgblJ13gg==",
      "dev": true,
      "license": "MIT",
      "dependencies": {
        "@schnz/gjs": "3.2.2",
        "@schnz/gobject-2.0": "*"
      }
    },
    "node_modules/@schnz/gmodule-2.0": {
      "version": "2.0.0-3.2.2",
      "resolved": "https://npm.pkg.github.com/download/@schnz/gmodule-2.0/2.0.0-3.2.2/38e4943a8d836042b4a93b868f481fa212358664",
      "integrity": "sha512-oiZxGMSOhnlwoyC03WqTeHTKqRsmCvN+mUoLN1vJKR1q59oJ7x32UTwYTJUVjf2eLeAQrBh6APX2/M5FWnKG9A==",
      "dev": true,
      "license": "MIT",
      "dependencies": {
        "@schnz/gjs": "3.2.2",
        "@schnz/glib-2.0": "*",
        "@schnz/gobject-2.0": "*"
      }
    },
    "node_modules/@schnz/gnome-shell": {
      "version": "3.0.0",
      "resolved": "https://npm.pkg.github.com/download/@schnz/gnome-shell/3.0.0/dadabba8d304c84a1e164329d83efbad471ec5aa",
      "integrity": "sha512-4djTEBO8lq77OuJdZvOoH+vzJTUUEm1n8anxJGfJGjO266MxueMItZF1bB4GR7LtFaYhmxgQgZ8eLb9qctehYA==",
      "dev": true,
      "license": "MIT",
      "dependencies": {
        "@schnz/atk-1.0": "^2.50.0-3.2.2",
        "@schnz/cally-13": "^13.0.0-3.2.2",
        "@schnz/clutter-13": "^13.0.0-3.2.2",
        "@schnz/cogl-13": "^13.0.0-3.2.2",
        "@schnz/gcr-4": "^4.1.0-3.2.2",
        "@schnz/gio-2.0": "^2.78.0-3.2.2",
        "@schnz/gjs": "^3.2.2",
        "@schnz/glib-2.0": "^2.78.0-3.2.2",
        "@schnz/gnomebg-4.0": "^4.0.0-3.2.2",
        "@schnz/gnomedesktop-4.0": "^4.0.0-3.2.2",
        "@schnz/gobject-2.0": "^2.78.0-3.2.2",
        "@schnz/meta-13": "^13.0.0-3.2.2",
        "@schnz/shell-13": "^13.0.0-3.2.2",
        "@schnz/shew-0": "^0.0.0-3.2.2",
        "@schnz/st-13": "^13.0.0-3.2.2"
      }
    },
    "node_modules/@schnz/gnomebg-4.0": {
      "version": "4.0.0-3.2.2",
      "resolved": "https://npm.pkg.github.com/download/@schnz/gnomebg-4.0/4.0.0-3.2.2/78f611ec3355a4509b0c8bcc7411ba7e3867a484",
      "integrity": "sha512-XnBogZtH1Jf6cUYRe0Hk3u7UK56Wes/EmpQepvP7gSlGB3+SZR+iJGU1iuo4eY1V3yHn2QG6yS+sUYPxdKPvPA==",
      "dev": true,
      "license": "MIT",
      "dependencies": {
        "@schnz/cairo-1.0": "*",
        "@schnz/freetype2-2.0": "*",
        "@schnz/gdesktopenums-3.0": "*",
        "@schnz/gdk-4.0": "*",
        "@schnz/gdkpixbuf-2.0": "*",
        "@schnz/gio-2.0": "*",
        "@schnz/gjs": "3.2.2",
        "@schnz/glib-2.0": "*",
        "@schnz/gmodule-2.0": "*",
        "@schnz/gnomedesktop-4.0": "*",
        "@schnz/gobject-2.0": "*",
        "@schnz/harfbuzz-0.0": "*",
        "@schnz/pango-1.0": "*",
        "@schnz/pangocairo-1.0": "*"
      }
    },
    "node_modules/@schnz/gnomedesktop-4.0": {
      "version": "4.0.0-3.2.2",
      "resolved": "https://npm.pkg.github.com/download/@schnz/gnomedesktop-4.0/4.0.0-3.2.2/aaaad70585181c8e73f01849a7b7c2f81cb017e6",
      "integrity": "sha512-AbbVdfP1s28SMmnUhBHdV+1iY95b2UnL6D/M3HrHSayVjq1nVzceO2pwGW7I61JKVyqWaQQL/Lek184dIgK1zw==",
      "dev": true,
      "license": "MIT",
      "dependencies": {
        "@schnz/gdesktopenums-3.0": "*",
        "@schnz/gdkpixbuf-2.0": "*",
        "@schnz/gio-2.0": "*",
        "@schnz/gjs": "3.2.2",
        "@schnz/glib-2.0": "*",
        "@schnz/gmodule-2.0": "*",
        "@schnz/gobject-2.0": "*"
      }
    },
    "node_modules/@schnz/gobject-2.0": {
      "version": "2.78.0-3.2.2",
      "resolved": "https://npm.pkg.github.com/download/@schnz/gobject-2.0/2.78.0-3.2.2/d231291b2f32c92940a23b7d1ca15f6855cde860",
      "integrity": "sha512-5mPDpVMnF+FMOPenAY70iTGbG5i7via72YMqdYurrLBS9fUZcOOhrX4VrYvf6m7+wafEYHM1RjApwdICLtWX4w==",
      "dev": true,
      "license": "MIT",
      "dependencies": {
        "@schnz/gjs": "3.2.2",
        "@schnz/glib-2.0": "*"
      }
    },
    "node_modules/@schnz/graphene-1.0": {
      "version": "1.0.0-3.2.2",
      "resolved": "https://npm.pkg.github.com/download/@schnz/graphene-1.0/1.0.0-3.2.2/ecba70f4904203b274828a292525d757b0356211",
      "integrity": "sha512-C4qVvR8igsQB70veRmwpZdpyZROvUh2xFuNmkGK0I1joQbGGFokaRPGL4P4xVfnY5B2F2TnZ5eBsQQF6Xq1iyQ==",
      "dev": true,
      "license": "MIT",
      "dependencies": {
        "@schnz/gjs": "3.2.2",
        "@schnz/glib-2.0": "*",
        "@schnz/gobject-2.0": "*"
      }
    },
    "node_modules/@schnz/gsk-4.0": {
      "version": "4.0.0-3.2.2",
      "resolved": "https://npm.pkg.github.com/download/@schnz/gsk-4.0/4.0.0-3.2.2/c106c600cedf8a90e6f924057a3bfb7fb1a43974",
      "integrity": "sha512-0cBVqVRu60d/TgkEEjQe5WtoMDEGrjvW6mt4eXuMS0CLyf3LpFmf5Qw9J7txWsQhWdU0vZGbv8XfZAw+UrV/1g==",
      "dev": true,
      "license": "MIT",
      "dependencies": {
        "@schnz/cairo-1.0": "*",
        "@schnz/freetype2-2.0": "*",
        "@schnz/gdk-4.0": "*",
        "@schnz/gdkpixbuf-2.0": "*",
        "@schnz/gio-2.0": "*",
        "@schnz/gjs": "3.2.2",
        "@schnz/glib-2.0": "*",
        "@schnz/gmodule-2.0": "*",
        "@schnz/gobject-2.0": "*",
        "@schnz/graphene-1.0": "*",
        "@schnz/harfbuzz-0.0": "*",
        "@schnz/pango-1.0": "*",
        "@schnz/pangocairo-1.0": "*"
      }
    },
    "node_modules/@schnz/gtk-4.0": {
      "version": "4.12.3-3.2.2",
      "resolved": "https://npm.pkg.github.com/download/@schnz/gtk-4.0/4.12.3-3.2.2/166e0df1c41daa350718301fb98a7ceecef153a4",
      "integrity": "sha512-SReaNEqG1/tQ0M+9/UhI4W02xIDu4IFSO2xG00f9PoThUwQXmFG43DG4w8J7IQLi4L3YoeBFC80bRrSMIG3oOg==",
      "dev": true,
      "license": "MIT",
      "dependencies": {
        "@schnz/cairo-1.0": "*",
        "@schnz/freetype2-2.0": "*",
        "@schnz/gdk-4.0": "*",
        "@schnz/gdkpixbuf-2.0": "*",
        "@schnz/gio-2.0": "*",
        "@schnz/gjs": "3.2.2",
        "@schnz/glib-2.0": "*",
        "@schnz/gmodule-2.0": "*",
        "@schnz/gobject-2.0": "*",
        "@schnz/graphene-1.0": "*",
        "@schnz/gsk-4.0": "*",
        "@schnz/harfbuzz-0.0": "*",
        "@schnz/pango-1.0": "*",
        "@schnz/pangocairo-1.0": "*"
      }
    },
    "node_modules/@schnz/gvc-1.0": {
      "version": "1.0.0-3.2.2",
      "resolved": "https://npm.pkg.github.com/download/@schnz/gvc-1.0/1.0.0-3.2.2/7e57cfa01e03725d7fb42e8bde8868e85ce49ad8",
      "integrity": "sha512-0WuZ2vDTog9jfsIz4Y0ODiAiNtKWvBMK7jAnBrl0ke33TyQByLwbhretAMnm6KaBSz2MkWtPtv7wjS15bNmMoQ==",
      "dev": true,
      "license": "MIT",
      "dependencies": {
        "@schnz/gio-2.0": "*",
        "@schnz/gjs": "3.2.2",
        "@schnz/glib-2.0": "*",
        "@schnz/gobject-2.0": "*"
      }
    },
    "node_modules/@schnz/harfbuzz-0.0": {
      "version": "8.2.2-3.2.2",
      "resolved": "https://npm.pkg.github.com/download/@schnz/harfbuzz-0.0/8.2.2-3.2.2/bf71e6af8ecdae321febebbe9a444dfb5c0434f3",
      "integrity": "sha512-hgxYDxP7P884vylEdy6NCXX7f2Fh1CVNhdWv3fPg5mpbiJ3RFlprW4N5vGuRgtGdbrnBeZunM7WyDROw74MdEg==",
      "dev": true,
      "license": "MIT",
      "dependencies": {
        "@schnz/freetype2-2.0": "*",
        "@schnz/gjs": "3.2.2",
        "@schnz/glib-2.0": "*",
        "@schnz/gobject-2.0": "*"
      }
    },
    "node_modules/@schnz/json-1.0": {
      "version": "1.8.0-3.2.2",
      "resolved": "https://npm.pkg.github.com/download/@schnz/json-1.0/1.8.0-3.2.2/189fa6bda855cda40ec4e0583f1dd66f9b880ff6",
      "integrity": "sha512-9CDkmVeYeW62sbcgRhi1REeMzcdSGO8Ht78ZmrbwJje1BCLzm/x0Z5HUngkxff5sxA5mP4rvtqog7RDlhGsjDw==",
      "dev": true,
      "license": "MIT",
      "dependencies": {
        "@schnz/gio-2.0": "*",
        "@schnz/gjs": "3.2.2",
        "@schnz/glib-2.0": "*",
        "@schnz/gobject-2.0": "*"
      }
    },
    "node_modules/@schnz/meta-13": {
      "version": "13.0.0-3.2.2",
      "resolved": "https://npm.pkg.github.com/download/@schnz/meta-13/13.0.0-3.2.2/bbf84387f7d689301ec9db46a7d473b42a198623",
      "integrity": "sha512-HznBH0hlXFYyjVZ1+rcxxtTn+cqs+SV1AyuxJZG6Emcg8Sm8FDbAsgixnDZb6Y59GAoTQ6ASnGodyGlLM6ZS4Q==",
      "dev": true,
      "license": "MIT",
      "dependencies": {
        "@schnz/atk-1.0": "*",
        "@schnz/cairo-1.0": "*",
        "@schnz/clutter-13": "*",
        "@schnz/cogl-13": "*",
        "@schnz/coglpango-13": "*",
        "@schnz/freetype2-2.0": "*",
        "@schnz/gdesktopenums-3.0": "*",
        "@schnz/gio-2.0": "*",
        "@schnz/gjs": "3.2.2",
        "@schnz/gl-1.0": "*",
        "@schnz/glib-2.0": "*",
        "@schnz/gobject-2.0": "*",
        "@schnz/graphene-1.0": "*",
        "@schnz/harfbuzz-0.0": "*",
        "@schnz/json-1.0": "*",
        "@schnz/mtk-13": "*",
        "@schnz/pango-1.0": "*",
        "@schnz/pangocairo-1.0": "*",
        "@schnz/xfixes-4.0": "*",
        "@schnz/xlib-2.0": "*"
      }
    },
    "node_modules/@schnz/mtk-13": {
      "version": "13.0.0-3.2.2",
      "resolved": "https://npm.pkg.github.com/download/@schnz/mtk-13/13.0.0-3.2.2/eeff720b6867284e639754594e6f241cffed3193",
      "integrity": "sha512-9HJxpephpN5X08JYiIu9AvQSZEjx9ZK4c965C1jiH2dcdOw1mC8yDhduawROkGi7QrkM2yKzZglUJyfSYvOAKg==",
      "dev": true,
      "license": "MIT",
      "dependencies": {
        "@schnz/cairo-1.0": "*",
        "@schnz/gjs": "3.2.2",
        "@schnz/glib-2.0": "*",
        "@schnz/gobject-2.0": "*",
        "@schnz/graphene-1.0": "*"
      }
    },
    "node_modules/@schnz/nm-1.0": {
      "version": "1.44.2-3.2.2",
      "resolved": "https://npm.pkg.github.com/download/@schnz/nm-1.0/1.44.2-3.2.2/d6bdf8640891d70bb5c615be08bd723b801d5fc1",
      "integrity": "sha512-PlgOV2oZOKEJ3gRJI8vOUOR1Bcqz6i3MHkRT5wRzL3UDjaLDJUaCFFoHIOTUr5i332R19TG3tK1veWcQfnpjfQ==",
      "dev": true,
      "license": "MIT",
      "dependencies": {
        "@schnz/gio-2.0": "*",
        "@schnz/gjs": "3.2.2",
        "@schnz/glib-2.0": "*",
        "@schnz/gobject-2.0": "*"
      }
    },
    "node_modules/@schnz/pango-1.0": {
      "version": "1.51.0-3.2.2",
      "resolved": "https://npm.pkg.github.com/download/@schnz/pango-1.0/1.51.0-3.2.2/a45297644ebc45f0da8ea884d3d4239d90d209ce",
      "integrity": "sha512-5c7/iqAyLfRKZZFVN5kzfhDi6DsWKJzP/6pt/AHm9I3v5zGyEIkxeQdTo1Wue2xxXkb5g++WErcqVSkkytD+3Q==",
      "dev": true,
      "license": "MIT",
      "dependencies": {
        "@schnz/cairo-1.0": "*",
        "@schnz/freetype2-2.0": "*",
        "@schnz/gio-2.0": "*",
        "@schnz/gjs": "3.2.2",
        "@schnz/glib-2.0": "*",
        "@schnz/gobject-2.0": "*",
        "@schnz/harfbuzz-0.0": "*"
      }
    },
    "node_modules/@schnz/pangocairo-1.0": {
      "version": "1.0.0-3.2.2",
      "resolved": "https://npm.pkg.github.com/download/@schnz/pangocairo-1.0/1.0.0-3.2.2/1bcaae020ae075bbf4f5f62ed6949b62da503a81",
      "integrity": "sha512-KueDn52MU6Fv/isVHu5MQRJmySchcFiIvVjl4mPE5Sogyn18asbbWhUZWTu9RSe0viEWDcx5duuM/4cLC2yCmw==",
      "dev": true,
      "license": "MIT",
      "dependencies": {
        "@schnz/cairo-1.0": "*",
        "@schnz/freetype2-2.0": "*",
        "@schnz/gio-2.0": "*",
        "@schnz/gjs": "3.2.2",
        "@schnz/glib-2.0": "*",
        "@schnz/gobject-2.0": "*",
        "@schnz/harfbuzz-0.0": "*",
        "@schnz/pango-1.0": "*"
      }
    },
    "node_modules/@schnz/polkit-1.0": {
      "version": "1.0.0-3.2.2",
      "resolved": "https://npm.pkg.github.com/download/@schnz/polkit-1.0/1.0.0-3.2.2/a56bace9a9c4951aaff8aacf6f259b3d4da9c006",
      "integrity": "sha512-i2uZdAcYAEC16JRDzdil7rWICdG9d2PcM3bcXicFwn8MfIQh+Pel8RWF6OdgjUDT9XznPSy/dG8cBAQJ02jWdg==",
      "dev": true,
      "license": "MIT",
      "dependencies": {
        "@schnz/gio-2.0": "*",
        "@schnz/gjs": "3.2.2",
        "@schnz/glib-2.0": "*",
        "@schnz/gobject-2.0": "*"
      }
    },
    "node_modules/@schnz/polkitagent-1.0": {
      "version": "1.0.0-3.2.2",
      "resolved": "https://npm.pkg.github.com/download/@schnz/polkitagent-1.0/1.0.0-3.2.2/b05897ccaa5f7fbd26c996435a3dd5878fa4f2e7",
      "integrity": "sha512-ycOl1lqdAArh0CubBF9JRUEyBxeYgiJAzrERbtUDvyuO+dgHqTTMkcbt4qjTFEP8rDxokeTB6XNt7tEugKII/g==",
      "dev": true,
      "license": "MIT",
      "dependencies": {
        "@schnz/gio-2.0": "*",
        "@schnz/gjs": "3.2.2",
        "@schnz/glib-2.0": "*",
        "@schnz/gobject-2.0": "*",
        "@schnz/polkit-1.0": "*"
      }
    },
    "node_modules/@schnz/shell-13": {
      "version": "13.0.0-3.2.2",
      "resolved": "https://npm.pkg.github.com/download/@schnz/shell-13/13.0.0-3.2.2/e0d31887f3318dc63dba69809ca093c2419bcb27",
      "integrity": "sha512-t1UvSxBClZUqwN7JZBFFYoigov2VbT6IyUxJP4+l+0ArfQpJANOGBZCFjyjRCbzgVfuJYHHrQRe7D1lN8l5epw==",
      "dev": true,
      "license": "MIT",
      "dependencies": {
        "@schnz/atk-1.0": "*",
        "@schnz/cairo-1.0": "*",
        "@schnz/cally-13": "*",
        "@schnz/clutter-13": "*",
        "@schnz/cogl-13": "*",
        "@schnz/coglpango-13": "*",
        "@schnz/freetype2-2.0": "*",
        "@schnz/gck-2": "*",
        "@schnz/gcr-4": "*",
        "@schnz/gdesktopenums-3.0": "*",
        "@schnz/gdkpixbuf-2.0": "*",
        "@schnz/gio-2.0": "*",
        "@schnz/gjs": "3.2.2",
        "@schnz/gl-1.0": "*",
        "@schnz/glib-2.0": "*",
        "@schnz/gmodule-2.0": "*",
        "@schnz/gobject-2.0": "*",
        "@schnz/graphene-1.0": "*",
        "@schnz/gvc-1.0": "*",
        "@schnz/harfbuzz-0.0": "*",
        "@schnz/json-1.0": "*",
        "@schnz/meta-13": "*",
        "@schnz/mtk-13": "*",
        "@schnz/nm-1.0": "*",
        "@schnz/pango-1.0": "*",
        "@schnz/pangocairo-1.0": "*",
        "@schnz/polkit-1.0": "*",
        "@schnz/polkitagent-1.0": "*",
        "@schnz/st-13": "*",
        "@schnz/xfixes-4.0": "*",
        "@schnz/xlib-2.0": "*"
      }
    },
    "node_modules/@schnz/shew-0": {
      "version": "0.0.0-3.2.2",
      "resolved": "https://npm.pkg.github.com/download/@schnz/shew-0/0.0.0-3.2.2/d48ed538cf6d3308ce36c65fe7fd5181d4b9dfe8",
      "integrity": "sha512-I6bX4ZT7iKJrX7AZfWLfflTv99vsNRWaAzAa6JLR5Ngbq8QwwdkRpA3we2PPPm+2hcS9gyQ4+UjF3iyOg3iWUw==",
      "dev": true,
      "license": "MIT",
      "dependencies": {
        "@schnz/cairo-1.0": "*",
        "@schnz/freetype2-2.0": "*",
        "@schnz/gdk-4.0": "*",
        "@schnz/gdkpixbuf-2.0": "*",
        "@schnz/gio-2.0": "*",
        "@schnz/gjs": "3.2.2",
        "@schnz/glib-2.0": "*",
        "@schnz/gmodule-2.0": "*",
        "@schnz/gobject-2.0": "*",
        "@schnz/graphene-1.0": "*",
        "@schnz/gsk-4.0": "*",
        "@schnz/gtk-4.0": "*",
        "@schnz/harfbuzz-0.0": "*",
        "@schnz/pango-1.0": "*",
        "@schnz/pangocairo-1.0": "*"
      }
    },
    "node_modules/@schnz/st-13": {
      "version": "13.0.0-3.2.2",
      "resolved": "https://npm.pkg.github.com/download/@schnz/st-13/13.0.0-3.2.2/a5bf6d4c8e1597ba5ea86833fe31d49f67f2aab7",
      "integrity": "sha512-ckZ9fCvOJPonMxhKsZB+S3A6B7oMMNDviwbrljVlsbKGFCGEcNILYACOFuu746xU9riNGU26QagGQjmqAP5JEg==",
      "dev": true,
      "license": "MIT",
      "dependencies": {
        "@schnz/atk-1.0": "*",
        "@schnz/cairo-1.0": "*",
        "@schnz/cally-13": "*",
        "@schnz/clutter-13": "*",
        "@schnz/cogl-13": "*",
        "@schnz/coglpango-13": "*",
        "@schnz/freetype2-2.0": "*",
        "@schnz/gdesktopenums-3.0": "*",
        "@schnz/gdkpixbuf-2.0": "*",
        "@schnz/gio-2.0": "*",
        "@schnz/gjs": "3.2.2",
        "@schnz/gl-1.0": "*",
        "@schnz/glib-2.0": "*",
        "@schnz/gmodule-2.0": "*",
        "@schnz/gobject-2.0": "*",
        "@schnz/graphene-1.0": "*",
        "@schnz/harfbuzz-0.0": "*",
        "@schnz/json-1.0": "*",
        "@schnz/meta-13": "*",
        "@schnz/mtk-13": "*",
        "@schnz/pango-1.0": "*",
        "@schnz/pangocairo-1.0": "*",
        "@schnz/xfixes-4.0": "*",
        "@schnz/xlib-2.0": "*"
      }
    },
    "node_modules/@schnz/xfixes-4.0": {
      "version": "4.0.0-3.2.2",
      "resolved": "https://npm.pkg.github.com/download/@schnz/xfixes-4.0/4.0.0-3.2.2/e27cac81835f1910b279eb0610429c0477aa5a1e",
      "integrity": "sha512-O4wtXPK7hiAjLZx0nFlTJ4/P2Xvj8rpgJ7hExwGyQeKOZODw4YTOW4rAevlEOxGIVd4Ae7E+Ekl2g4U/M7LKmw==",
      "dev": true,
      "license": "MIT",
      "dependencies": {
        "@schnz/gjs": "3.2.2",
        "@schnz/gobject-2.0": "*"
      }
    },
    "node_modules/@schnz/xlib-2.0": {
      "version": "2.0.0-3.2.2",
      "resolved": "https://npm.pkg.github.com/download/@schnz/xlib-2.0/2.0.0-3.2.2/59c387145324f43003b95364a79fb69bef143443",
      "integrity": "sha512-xMe+qMmUKmTL/b8m6RErzbf503D6bct72uxCsW/QHcFKRnMXnk65oVNG/QFbgCf7cJcySevnx44xw3ICMWhBaA==",
      "dev": true,
      "license": "MIT",
      "dependencies": {
        "@schnz/gjs": "3.2.2",
        "@schnz/gobject-2.0": "*"
      }
    },
    "node_modules/typescript": {
      "version": "5.2.2",
      "resolved": "https://registry.npmjs.org/typescript/-/typescript-5.2.2.tgz",
      "integrity": "sha512-mI4WrpHsbCIcwT9cF4FZvr80QUeKvsUsUvKDoR+X/7XHQH98xYD8YHZg7ANtz2GtZt/CBq2QJ0thkGJMHfqc1w==",
      "dev": true,
      "bin": {
        "tsc": "bin/tsc",
        "tsserver": "bin/tsserver"
      },
      "engines": {
        "node": ">=14.17"
      }
    }
  }
}
