{
  "name": "gnome-shell-extension-gtile",
  "version": "1.0.0",
  "lockfileVersion": 3,
  "requires": true,
  "packages": {
    "": {
      "name": "gnome-shell-extension-gtile",
      "version": "1.0.0",
      "license": "GPL-2.0-or-later",
      "devDependencies": {
        "@girs/adw-1": "^1.4.0-3.2.5",
        "@girs/clutter-13": "^13.0.0-3.2.5",
        "@girs/gdk-4.0": "^4.0.0-3.2.5",
        "@girs/gio-2.0": "^2.78.0-3.2.5",
        "@girs/glib-2.0": "^2.78.0-3.2.5",
        "@girs/gnome-shell": "^45.0.0-beta2",
        "@girs/gobject-2.0": "^2.78.0-3.2.5",
        "@girs/gtk-4.0": "^4.12.3-3.2.5",
        "@girs/meta-13": "^13.0.0-3.2.5",
        "@girs/mtk-13": "^13.0.0-3.2.5",
        "@girs/pango-1.0": "^1.51.0-3.2.5",
        "@girs/shell-13": "^13.0.0-3.2.5",
        "@girs/st-13": "^13.0.0-3.2.5",
        "typescript": "^5.2.2"
      }
    },
    "node_modules/@girs/accountsservice-1.0": {
      "version": "1.0.0-3.2.5",
      "resolved": "https://registry.npmjs.org/@girs/accountsservice-1.0/-/accountsservice-1.0-1.0.0-3.2.5.tgz",
      "integrity": "sha512-1uSGJqw0tA0gMCiyOgscF/IBoI/eZt9ZbCakqSDKaQlUa8nauS0UnuItwt8SPj/AW5p2472ZMT3yBR7iKWaM7g==",
      "dev": true,
      "dependencies": {
        "@girs/gio-2.0": "^2.78.0-3.2.5",
        "@girs/gjs": "^3.2.5",
        "@girs/glib-2.0": "^2.78.0-3.2.5",
        "@girs/gobject-2.0": "^2.78.0-3.2.5"
      }
    },
    "node_modules/@girs/adw-1": {
      "version": "1.4.0-3.2.5",
      "resolved": "https://registry.npmjs.org/@girs/adw-1/-/adw-1-1.4.0-3.2.5.tgz",
      "integrity": "sha512-NSH5IXCFsLO9UGAcGL2+3uGB2zab/BswCbNZv+MUan1d3VNEZac/S3qv+eGRzbi/9LgEzHVP4Zv+B4fvNn3cWg==",
      "dev": true,
      "dependencies": {
        "@girs/cairo-1.0": "^1.0.0-3.2.5",
        "@girs/freetype2-2.0": "^2.0.0-3.2.5",
        "@girs/gdk-4.0": "^4.0.0-3.2.5",
        "@girs/gdkpixbuf-2.0": "^2.0.0-3.2.5",
        "@girs/gio-2.0": "^2.78.0-3.2.5",
        "@girs/gjs": "^3.2.5",
        "@girs/glib-2.0": "^2.78.0-3.2.5",
        "@girs/gmodule-2.0": "^2.0.0-3.2.5",
        "@girs/gobject-2.0": "^2.78.0-3.2.5",
        "@girs/graphene-1.0": "^1.0.0-3.2.5",
        "@girs/gsk-4.0": "^4.0.0-3.2.5",
        "@girs/gtk-4.0": "^4.12.3-3.2.5",
        "@girs/harfbuzz-0.0": "^8.2.1-3.2.5",
        "@girs/pango-1.0": "^1.51.0-3.2.5",
        "@girs/pangocairo-1.0": "^1.0.0-3.2.5"
      }
    },
    "node_modules/@girs/atk-1.0": {
      "version": "2.50.0-3.2.5",
      "resolved": "https://registry.npmjs.org/@girs/atk-1.0/-/atk-1.0-2.50.0-3.2.5.tgz",
      "integrity": "sha512-L4ZP7+ChICTYNLPQo6ok3kgZFVV0lrpRSA3KRTgz1Xzosby7ATxN4lSp+FY62IPutR494xp7t76lzaetJOoA8A==",
      "dev": true,
      "dependencies": {
        "@girs/gjs": "^3.2.5",
        "@girs/glib-2.0": "^2.78.0-3.2.5",
        "@girs/gobject-2.0": "^2.78.0-3.2.5"
      }
    },
    "node_modules/@girs/cairo-1.0": {
      "version": "1.0.0-3.2.5",
      "resolved": "https://registry.npmjs.org/@girs/cairo-1.0/-/cairo-1.0-1.0.0-3.2.5.tgz",
      "integrity": "sha512-KUaNKNNgwh8MKqc/tzDQfW3DbXug4jPZtmnbazHfN1q34eBpOrtG5UaK7m3XKOeoFo1KbbKsPQHJyCAs7ZFIUQ==",
      "dev": true,
      "dependencies": {
        "@girs/gjs": "^3.2.5",
        "@girs/glib-2.0": "^2.78.0-3.2.5",
        "@girs/gobject-2.0": "^2.78.0-3.2.5"
      }
    },
    "node_modules/@girs/cally-13": {
      "version": "13.0.0-3.2.5",
      "resolved": "https://registry.npmjs.org/@girs/cally-13/-/cally-13-13.0.0-3.2.5.tgz",
      "integrity": "sha512-HTJrtk5e2wKzzlC/RowZmf14xIQ+EcX0L9ry68cM4zdlLYFC60HEZ0Wfu4yNElMCUvkc7HbrgXwCm0HVDvoaZA==",
      "dev": true,
      "dependencies": {
        "@girs/atk-1.0": "^2.50.0-3.2.5",
        "@girs/cairo-1.0": "^1.0.0-3.2.5",
        "@girs/clutter-13": "^13.0.0-3.2.5",
        "@girs/cogl-13": "^13.0.0-3.2.5",
        "@girs/coglpango-13": "^13.0.0-3.2.5",
        "@girs/freetype2-2.0": "^2.0.0-3.2.5",
        "@girs/gio-2.0": "^2.78.0-3.2.5",
        "@girs/gjs": "^3.2.5",
        "@girs/gl-1.0": "^1.0.0-3.2.5",
        "@girs/glib-2.0": "^2.78.0-3.2.5",
        "@girs/gobject-2.0": "^2.78.0-3.2.5",
        "@girs/graphene-1.0": "^1.0.0-3.2.5",
        "@girs/harfbuzz-0.0": "^8.2.1-3.2.5",
        "@girs/json-1.0": "^1.7.1-3.2.5",
        "@girs/mtk-13": "^13.0.0-3.2.5",
        "@girs/pango-1.0": "^1.51.0-3.2.5",
        "@girs/pangocairo-1.0": "^1.0.0-3.2.5"
      }
    },
    "node_modules/@girs/clutter-13": {
      "version": "13.0.0-3.2.5",
      "resolved": "https://registry.npmjs.org/@girs/clutter-13/-/clutter-13-13.0.0-3.2.5.tgz",
      "integrity": "sha512-srWebm2+2HHeLUErBJ0z4zZT297mfh6uF4yUCgW/VEGU6nRDGzl+Me0gc+7a47oT8F0OLjqWAj1cxac8h/M0ew==",
      "dev": true,
      "dependencies": {
        "@girs/atk-1.0": "^2.50.0-3.2.5",
        "@girs/cairo-1.0": "^1.0.0-3.2.5",
        "@girs/cogl-13": "^13.0.0-3.2.5",
        "@girs/coglpango-13": "^13.0.0-3.2.5",
        "@girs/freetype2-2.0": "^2.0.0-3.2.5",
        "@girs/gio-2.0": "^2.78.0-3.2.5",
        "@girs/gjs": "^3.2.5",
        "@girs/gl-1.0": "^1.0.0-3.2.5",
        "@girs/glib-2.0": "^2.78.0-3.2.5",
        "@girs/gobject-2.0": "^2.78.0-3.2.5",
        "@girs/graphene-1.0": "^1.0.0-3.2.5",
        "@girs/harfbuzz-0.0": "^8.2.1-3.2.5",
        "@girs/json-1.0": "^1.7.1-3.2.5",
        "@girs/mtk-13": "^13.0.0-3.2.5",
        "@girs/pango-1.0": "^1.51.0-3.2.5",
        "@girs/pangocairo-1.0": "^1.0.0-3.2.5"
      }
    },
    "node_modules/@girs/cogl-13": {
      "version": "13.0.0-3.2.5",
      "resolved": "https://registry.npmjs.org/@girs/cogl-13/-/cogl-13-13.0.0-3.2.5.tgz",
      "integrity": "sha512-UWwe3RIuDSITuPt+EIWPl5V2TyUICSvLi3cd0BpbY2fRqi7xOKh1hqANHVCtSntbXN1Jm99ZPjdFz5j1f9+5xA==",
      "dev": true,
      "dependencies": {
        "@girs/cairo-1.0": "^1.0.0-3.2.5",
        "@girs/gjs": "^3.2.5",
        "@girs/gl-1.0": "^1.0.0-3.2.5",
        "@girs/glib-2.0": "^2.78.0-3.2.5",
        "@girs/gobject-2.0": "^2.78.0-3.2.5",
        "@girs/graphene-1.0": "^1.0.0-3.2.5"
      }
    },
    "node_modules/@girs/cogl-2.0": {
      "version": "2.0.0-3.2.5",
      "resolved": "https://registry.npmjs.org/@girs/cogl-2.0/-/cogl-2.0-2.0.0-3.2.5.tgz",
      "integrity": "sha512-R/M0AltgQqp0RKfe93RQTe/36wCpn9/Ff4qoLC/QGn9+6WUSvL276Rf27qo+cHDN0FIRX4TlR7A/zLdFoi1t+Q==",
      "dev": true,
      "dependencies": {
        "@girs/gjs": "^3.2.5",
        "@girs/gl-1.0": "^1.0.0-3.2.5",
        "@girs/glib-2.0": "^2.78.0-3.2.5",
        "@girs/gobject-2.0": "^2.78.0-3.2.5"
      }
    },
    "node_modules/@girs/coglpango-13": {
      "version": "13.0.0-3.2.5",
      "resolved": "https://registry.npmjs.org/@girs/coglpango-13/-/coglpango-13-13.0.0-3.2.5.tgz",
      "integrity": "sha512-1U2Le2ULjDB6JY4BvfR7PyuXxvsMfiwHYCwNVgYDspHEGDofZzZgEAkNCs4m0uSVkvZtGwV/JdcOVxRdNmfZYA==",
      "dev": true,
      "dependencies": {
        "@girs/cairo-1.0": "^1.0.0-3.2.5",
        "@girs/cogl-13": "^13.0.0-3.2.5",
        "@girs/freetype2-2.0": "^2.0.0-3.2.5",
        "@girs/gio-2.0": "^2.78.0-3.2.5",
        "@girs/gjs": "^3.2.5",
        "@girs/gl-1.0": "^1.0.0-3.2.5",
        "@girs/glib-2.0": "^2.78.0-3.2.5",
        "@girs/gobject-2.0": "^2.78.0-3.2.5",
        "@girs/graphene-1.0": "^1.0.0-3.2.5",
        "@girs/harfbuzz-0.0": "^8.2.1-3.2.5",
        "@girs/pango-1.0": "^1.51.0-3.2.5",
        "@girs/pangocairo-1.0": "^1.0.0-3.2.5"
      }
    },
    "node_modules/@girs/freetype2-2.0": {
      "version": "2.0.0-3.2.5",
      "resolved": "https://registry.npmjs.org/@girs/freetype2-2.0/-/freetype2-2.0-2.0.0-3.2.5.tgz",
      "integrity": "sha512-JKcGqMYevEVybaT8RvK8UOnFhJCTNNFadpLhh9oPvkbc2NwORvCU5s/VmRyDFNgIKacoxhZK2ho9p+51VuSL+Q==",
      "dev": true,
      "dependencies": {
        "@girs/gjs": "^3.2.5",
        "@girs/gobject-2.0": "^2.78.0-3.2.5"
      }
    },
    "node_modules/@girs/gck-2": {
      "version": "4.1.0-3.2.5",
      "resolved": "https://registry.npmjs.org/@girs/gck-2/-/gck-2-4.1.0-3.2.5.tgz",
      "integrity": "sha512-jDIsr0rN/6Y0pyqmaRonIr8c6aDU8a2I5o38kTVnzaRw4AkKW5iauj+gwlpWuOeBcpirWe8mz3BoXGqydUCIsA==",
      "dev": true,
      "dependencies": {
        "@girs/gio-2.0": "^2.78.0-3.2.5",
        "@girs/gjs": "^3.2.5",
        "@girs/glib-2.0": "^2.78.0-3.2.5",
        "@girs/gobject-2.0": "^2.78.0-3.2.5"
      }
    },
    "node_modules/@girs/gcr-4": {
      "version": "4.1.0-3.2.5",
      "resolved": "https://registry.npmjs.org/@girs/gcr-4/-/gcr-4-4.1.0-3.2.5.tgz",
      "integrity": "sha512-o9zQbLnFBIXn6fUp6AzpUrA5iVPf1waUQdCPxUqCgsIGztBNl868pRoGwlxxWlVEp73IrqJ/o7MST42rfPfr1A==",
      "dev": true,
      "dependencies": {
        "@girs/gck-2": "^4.1.0-3.2.5",
        "@girs/gio-2.0": "^2.78.0-3.2.5",
        "@girs/gjs": "^3.2.5",
        "@girs/glib-2.0": "^2.78.0-3.2.5",
        "@girs/gobject-2.0": "^2.78.0-3.2.5"
      }
    },
    "node_modules/@girs/gdesktopenums-3.0": {
      "version": "3.0.0-3.2.5",
      "resolved": "https://registry.npmjs.org/@girs/gdesktopenums-3.0/-/gdesktopenums-3.0-3.0.0-3.2.5.tgz",
      "integrity": "sha512-TrLalzuRXL4R+kIhY9TN5NPFWX22wr+UXUNGC4UCwNBykhs5kJ3iOUPLLWQkPGNjjDK6OyCo5iyT/8fnMqK+Ew==",
      "dev": true,
      "dependencies": {
        "@girs/gjs": "^3.2.5",
        "@girs/gobject-2.0": "^2.78.0-3.2.5"
      }
    },
    "node_modules/@girs/gdk-4.0": {
      "version": "4.0.0-3.2.5",
      "resolved": "https://registry.npmjs.org/@girs/gdk-4.0/-/gdk-4.0-4.0.0-3.2.5.tgz",
      "integrity": "sha512-e/a/+6n729KVliT8IHWPANlKJAL3CP/gRP+fpT/1iOun3BzjPbix6aEd31OTPhfeRIE+gpFiDoO/nItS79/BKw==",
      "dev": true,
      "dependencies": {
        "@girs/cairo-1.0": "^1.0.0-3.2.5",
        "@girs/freetype2-2.0": "^2.0.0-3.2.5",
        "@girs/gdkpixbuf-2.0": "^2.0.0-3.2.5",
        "@girs/gio-2.0": "^2.78.0-3.2.5",
        "@girs/gjs": "^3.2.5",
        "@girs/glib-2.0": "^2.78.0-3.2.5",
        "@girs/gmodule-2.0": "^2.0.0-3.2.5",
        "@girs/gobject-2.0": "^2.78.0-3.2.5",
        "@girs/harfbuzz-0.0": "^8.2.1-3.2.5",
        "@girs/pango-1.0": "^1.51.0-3.2.5",
        "@girs/pangocairo-1.0": "^1.0.0-3.2.5"
      }
    },
    "node_modules/@girs/gdkpixbuf-2.0": {
      "version": "2.0.0-3.2.5",
      "resolved": "https://registry.npmjs.org/@girs/gdkpixbuf-2.0/-/gdkpixbuf-2.0-2.0.0-3.2.5.tgz",
      "integrity": "sha512-PvyxWzkZMsy/jQyqou7v/13/eZiYwLEIq5TgSO6LI4j5gDzEFbDErap9ELlaYoUW/PnsWWIgRVp5u4b+W2cnMA==",
      "dev": true,
      "dependencies": {
        "@girs/gio-2.0": "^2.78.0-3.2.5",
        "@girs/gjs": "^3.2.5",
        "@girs/glib-2.0": "^2.78.0-3.2.5",
        "@girs/gmodule-2.0": "^2.0.0-3.2.5",
        "@girs/gobject-2.0": "^2.78.0-3.2.5"
      }
    },
    "node_modules/@girs/gdm-1.0": {
      "version": "1.0.0-3.2.5",
      "resolved": "https://registry.npmjs.org/@girs/gdm-1.0/-/gdm-1.0-1.0.0-3.2.5.tgz",
      "integrity": "sha512-xfJvdUuh9Hnxj2dDhrVSf0EHSZJ8vm9Gg6g5Pz/OTA8KmOVvaDWJ4HxWmP7bbBCuBognfejO30N1y69U8QP6tA==",
      "dev": true,
      "dependencies": {
        "@girs/gio-2.0": "^2.78.0-3.2.5",
        "@girs/gjs": "^3.2.5",
        "@girs/glib-2.0": "^2.78.0-3.2.5",
        "@girs/gobject-2.0": "^2.78.0-3.2.5"
      }
    },
    "node_modules/@girs/gio-2.0": {
      "version": "2.78.0-3.2.5",
      "resolved": "https://registry.npmjs.org/@girs/gio-2.0/-/gio-2.0-2.78.0-3.2.5.tgz",
      "integrity": "sha512-8QVn6rydZuevkkLbLTrURs9bHD8vbvfFZMzR/5iPsTrv6d5wCewUmMxiKEcMicnJmOIhBitu1ZboP8sljht90Q==",
      "dev": true,
      "dependencies": {
        "@girs/gjs": "^3.2.5",
        "@girs/glib-2.0": "^2.78.0-3.2.5",
        "@girs/gobject-2.0": "^2.78.0-3.2.5"
      }
    },
    "node_modules/@girs/gjs": {
      "version": "3.2.5",
      "resolved": "https://registry.npmjs.org/@girs/gjs/-/gjs-3.2.5.tgz",
      "integrity": "sha512-ndrJQnRmkw6SicVQSwm9IMy7dDPd6kPu19Hp2DFlQWsICG4wKailzRkzsxI064j9uLWQOjO3ydHiiDRpAjwU1Q==",
      "dev": true,
      "dependencies": {
        "@girs/glib-2.0": "^2.78.0-3.2.5",
        "@girs/gobject-2.0": "^2.78.0-3.2.5"
      }
    },
    "node_modules/@girs/gl-1.0": {
      "version": "1.0.0-3.2.5",
      "resolved": "https://registry.npmjs.org/@girs/gl-1.0/-/gl-1.0-1.0.0-3.2.5.tgz",
      "integrity": "sha512-waBA2GbqHXGOLlufRTrKJDC44D1OERbCsXYzCGNI/G51RJTOrENBBY8/DO7hPVavHnOgGVnw2WVtNLx7CgcVpQ==",
      "dev": true,
      "dependencies": {
        "@girs/gjs": "^3.2.5",
        "@girs/gobject-2.0": "^2.78.0-3.2.5"
      }
    },
    "node_modules/@girs/glib-2.0": {
      "version": "2.78.0-3.2.5",
      "resolved": "https://registry.npmjs.org/@girs/glib-2.0/-/glib-2.0-2.78.0-3.2.5.tgz",
      "integrity": "sha512-VIfgmRPixvxh9i2FPE0ctvWgHMuzWkXjERtG4G8uxnBdH7HAL6+hcEFFYyn1JrkBm4XFVvikyUZYPPoahlDsaQ==",
      "dev": true,
      "dependencies": {
        "@girs/gjs": "^3.2.5",
        "@girs/gobject-2.0": "^2.78.0-3.2.5"
      }
    },
    "node_modules/@girs/gmodule-2.0": {
      "version": "2.0.0-3.2.5",
      "resolved": "https://registry.npmjs.org/@girs/gmodule-2.0/-/gmodule-2.0-2.0.0-3.2.5.tgz",
      "integrity": "sha512-oSjlOXzEYlrtYOAyTW57bRigRjpwqV0faeou+iSGj7n1/T/ZxJsPK7rdwAv/7vVB8nev4JT9z3YZyqocHzjIFA==",
      "dev": true,
      "dependencies": {
        "@girs/gjs": "^3.2.5",
        "@girs/glib-2.0": "^2.78.0-3.2.5",
        "@girs/gobject-2.0": "^2.78.0-3.2.5"
      }
    },
    "node_modules/@girs/gnome-shell": {
      "version": "45.0.0-beta2",
      "resolved": "https://registry.npmjs.org/@girs/gnome-shell/-/gnome-shell-45.0.0-beta2.tgz",
      "integrity": "sha512-rSO9p/+9dW+cTBTqfgfJgBsLXwOg1gd5MGvBFqHoQWNKXCTDiZ/G5RHget8EmQSnhr8XMSwEjXC/bGBVSD+H3w==",
      "dev": true,
      "dependencies": {
        "@girs/accountsservice-1.0": "^1.0.0-3.2.5",
        "@girs/adw-1": "^1.4.0-3.2.5",
        "@girs/atk-1.0": "^2.50.0-3.2.5",
        "@girs/cally-13": "^13.0.0-3.2.5",
        "@girs/clutter-13": "^13.0.0-3.2.5",
        "@girs/cogl-2.0": "^2.0.0-3.2.5",
        "@girs/gcr-4": "^4.1.0-3.2.5",
        "@girs/gdm-1.0": "^1.0.0-3.2.5",
        "@girs/gio-2.0": "^2.78.0-3.2.5",
        "@girs/gjs": "^3.2.5",
        "@girs/glib-2.0": "^2.78.0-3.2.5",
        "@girs/gnomebg-4.0": "^4.0.0-3.2.5",
        "@girs/gnomebluetooth-3.0": "^3.0.0-3.2.5",
        "@girs/gnomedesktop-4.0": "^4.0.0-3.2.5",
        "@girs/gobject-2.0": "^2.78.0-3.2.5",
        "@girs/gvc-1.0": "^1.0.0-3.2.5",
        "@girs/meta-13": "^13.0.0-3.2.5",
        "@girs/polkit-1.0": "^1.0.0-3.2.5",
        "@girs/shell-13": "^13.0.0-3.2.5",
        "@girs/shew-0": "^0.0.0-3.2.5",
        "@girs/st-13": "^13.0.0-3.2.5",
        "@girs/upowerglib-1.0": "^0.99.1-3.2.5"
      }
    },
    "node_modules/@girs/gnomebg-4.0": {
      "version": "4.0.0-3.2.5",
      "resolved": "https://registry.npmjs.org/@girs/gnomebg-4.0/-/gnomebg-4.0-4.0.0-3.2.5.tgz",
      "integrity": "sha512-tuNXWRo2WaYqv9sfCIoMym7j57yj1GwREdap3kKMvnJ53SBTltF5hAu73qRfzFTRbPvWGrVs2QNjqxi6zmzGEQ==",
      "dev": true,
      "dependencies": {
        "@girs/cairo-1.0": "^1.0.0-3.2.5",
        "@girs/freetype2-2.0": "^2.0.0-3.2.5",
        "@girs/gdesktopenums-3.0": "^3.0.0-3.2.5",
        "@girs/gdk-4.0": "^4.0.0-3.2.5",
        "@girs/gdkpixbuf-2.0": "^2.0.0-3.2.5",
        "@girs/gio-2.0": "^2.78.0-3.2.5",
        "@girs/gjs": "^3.2.5",
        "@girs/glib-2.0": "^2.78.0-3.2.5",
        "@girs/gmodule-2.0": "^2.0.0-3.2.5",
        "@girs/gnomedesktop-4.0": "^4.0.0-3.2.5",
        "@girs/gobject-2.0": "^2.78.0-3.2.5",
        "@girs/harfbuzz-0.0": "^8.2.1-3.2.5",
        "@girs/pango-1.0": "^1.51.0-3.2.5",
        "@girs/pangocairo-1.0": "^1.0.0-3.2.5"
      }
    },
    "node_modules/@girs/gnomebluetooth-3.0": {
      "version": "3.0.0-3.2.5",
      "resolved": "https://registry.npmjs.org/@girs/gnomebluetooth-3.0/-/gnomebluetooth-3.0-3.0.0-3.2.5.tgz",
      "integrity": "sha512-tWLrAY+l5Zwp2JBEGluuWd8u+DfuriHRSxtjBzmtqneRnK4Vp8Mb4EvyWnMTAHbKqxMUGg06fkZ3oCWVf2Cebw==",
      "dev": true,
      "dependencies": {
        "@girs/gio-2.0": "^2.78.0-3.2.5",
        "@girs/gjs": "^3.2.5",
        "@girs/glib-2.0": "^2.78.0-3.2.5",
        "@girs/gobject-2.0": "^2.78.0-3.2.5"
      }
    },
    "node_modules/@girs/gnomedesktop-4.0": {
      "version": "4.0.0-3.2.5",
      "resolved": "https://registry.npmjs.org/@girs/gnomedesktop-4.0/-/gnomedesktop-4.0-4.0.0-3.2.5.tgz",
      "integrity": "sha512-JSsZ4r0VEoidAyYz8Y7afVZvTtxZyqNpmdSVf4Fi5cx5Ip/c+524zYVQN0G/FRVxw+uHlP/AsjYm6cVoUQTpHg==",
      "dev": true,
      "dependencies": {
        "@girs/gdesktopenums-3.0": "^3.0.0-3.2.5",
        "@girs/gdkpixbuf-2.0": "^2.0.0-3.2.5",
        "@girs/gio-2.0": "^2.78.0-3.2.5",
        "@girs/gjs": "^3.2.5",
        "@girs/glib-2.0": "^2.78.0-3.2.5",
        "@girs/gmodule-2.0": "^2.0.0-3.2.5",
        "@girs/gobject-2.0": "^2.78.0-3.2.5"
      }
    },
    "node_modules/@girs/gobject-2.0": {
      "version": "2.78.0-3.2.5",
      "resolved": "https://registry.npmjs.org/@girs/gobject-2.0/-/gobject-2.0-2.78.0-3.2.5.tgz",
      "integrity": "sha512-xjplH7Slij+l2/QFO9MYLoe+lHtHsQvZVIccGVOdZtaVMqL6wq3J2JH9ul6czf5EFnApuhN2pXFeE77Jacwduw==",
      "dev": true,
      "dependencies": {
        "@girs/gjs": "^3.2.5",
        "@girs/glib-2.0": "^2.78.0-3.2.5"
      }
    },
    "node_modules/@girs/graphene-1.0": {
      "version": "1.0.0-3.2.5",
      "resolved": "https://registry.npmjs.org/@girs/graphene-1.0/-/graphene-1.0-1.0.0-3.2.5.tgz",
      "integrity": "sha512-QI+HSiPeueAWk/A3Q7OasVFk/Iv3bLyrEuL50VE3LIiPlEOUAAwmfWaMk/gJlK8bs+Loc/f6fJPe231QV0Vijg==",
      "dev": true,
      "dependencies": {
        "@girs/gjs": "^3.2.5",
        "@girs/glib-2.0": "^2.78.0-3.2.5",
        "@girs/gobject-2.0": "^2.78.0-3.2.5"
      }
    },
    "node_modules/@girs/gsk-4.0": {
      "version": "4.0.0-3.2.5",
      "resolved": "https://registry.npmjs.org/@girs/gsk-4.0/-/gsk-4.0-4.0.0-3.2.5.tgz",
      "integrity": "sha512-RdupAGlahhVGGQljxiW1ST5a0Ntc1CevDvLOuYGK2YarOC7qh5Wb7Y5D4fCXiEesxgum+DUY2kY8zHj4DHdqvQ==",
      "dev": true,
      "dependencies": {
        "@girs/cairo-1.0": "^1.0.0-3.2.5",
        "@girs/freetype2-2.0": "^2.0.0-3.2.5",
        "@girs/gdk-4.0": "^4.0.0-3.2.5",
        "@girs/gdkpixbuf-2.0": "^2.0.0-3.2.5",
        "@girs/gio-2.0": "^2.78.0-3.2.5",
        "@girs/gjs": "^3.2.5",
        "@girs/glib-2.0": "^2.78.0-3.2.5",
        "@girs/gmodule-2.0": "^2.0.0-3.2.5",
        "@girs/gobject-2.0": "^2.78.0-3.2.5",
        "@girs/graphene-1.0": "^1.0.0-3.2.5",
        "@girs/harfbuzz-0.0": "^8.2.1-3.2.5",
        "@girs/pango-1.0": "^1.51.0-3.2.5",
        "@girs/pangocairo-1.0": "^1.0.0-3.2.5"
      }
    },
    "node_modules/@girs/gtk-4.0": {
      "version": "4.12.3-3.2.5",
      "resolved": "https://registry.npmjs.org/@girs/gtk-4.0/-/gtk-4.0-4.12.3-3.2.5.tgz",
      "integrity": "sha512-Dkmcjty0hMuqHU2nlrIR0jKLjClgFRfxuZmsjEUIQjfEopogZpVah6YXPlS5ss9E3WnBOT19AfXj+Lj2+211wg==",
      "dev": true,
      "dependencies": {
        "@girs/cairo-1.0": "^1.0.0-3.2.5",
        "@girs/freetype2-2.0": "^2.0.0-3.2.5",
        "@girs/gdk-4.0": "^4.0.0-3.2.5",
        "@girs/gdkpixbuf-2.0": "^2.0.0-3.2.5",
        "@girs/gio-2.0": "^2.78.0-3.2.5",
        "@girs/gjs": "^3.2.5",
        "@girs/glib-2.0": "^2.78.0-3.2.5",
        "@girs/gmodule-2.0": "^2.0.0-3.2.5",
        "@girs/gobject-2.0": "^2.78.0-3.2.5",
        "@girs/graphene-1.0": "^1.0.0-3.2.5",
        "@girs/gsk-4.0": "^4.0.0-3.2.5",
        "@girs/harfbuzz-0.0": "^8.2.1-3.2.5",
        "@girs/pango-1.0": "^1.51.0-3.2.5",
        "@girs/pangocairo-1.0": "^1.0.0-3.2.5"
      }
    },
    "node_modules/@girs/gvc-1.0": {
      "version": "1.0.0-3.2.5",
      "resolved": "https://registry.npmjs.org/@girs/gvc-1.0/-/gvc-1.0-1.0.0-3.2.5.tgz",
      "integrity": "sha512-z+Q3NvKMc0V0HMa/JixSe0A6HP7g3Y7jihBoUWwRXQp5wuOgs9/WTVtCoLIp97osEFnvzS+yI/o+lDprQZFEnQ==",
      "dev": true,
      "dependencies": {
        "@girs/gio-2.0": "^2.78.0-3.2.5",
        "@girs/gjs": "^3.2.5",
        "@girs/glib-2.0": "^2.78.0-3.2.5",
        "@girs/gobject-2.0": "^2.78.0-3.2.5"
      }
    },
    "node_modules/@girs/harfbuzz-0.0": {
      "version": "8.2.1-3.2.5",
      "resolved": "https://registry.npmjs.org/@girs/harfbuzz-0.0/-/harfbuzz-0.0-8.2.1-3.2.5.tgz",
      "integrity": "sha512-ybs7S1xPNZfZHAuu2uaS68Alarbod3aXpbj4WxrYJlsz9JCFO6xD1U29e9oAkglOcJmWi4DtF1AnzspuTu2iEw==",
      "dev": true,
      "dependencies": {
        "@girs/freetype2-2.0": "^2.0.0-3.2.5",
        "@girs/gjs": "^3.2.5",
        "@girs/glib-2.0": "^2.78.0-3.2.5",
        "@girs/gobject-2.0": "^2.78.0-3.2.5"
      }
    },
    "node_modules/@girs/json-1.0": {
      "version": "1.7.1-3.2.5",
      "resolved": "https://registry.npmjs.org/@girs/json-1.0/-/json-1.0-1.7.1-3.2.5.tgz",
      "integrity": "sha512-m7TxILvgcpSzKyMwFBJaRYpULvPuvu9kUxfl0cSnOV6J1zB+kCKkTto4Yg65u11RSbQ1e2WLUokHhzmcYHW5XQ==",
      "dev": true,
      "dependencies": {
        "@girs/gio-2.0": "^2.78.0-3.2.5",
        "@girs/gjs": "^3.2.5",
        "@girs/glib-2.0": "^2.78.0-3.2.5",
        "@girs/gobject-2.0": "^2.78.0-3.2.5"
      }
    },
    "node_modules/@girs/meta-13": {
      "version": "13.0.0-3.2.5",
      "resolved": "https://registry.npmjs.org/@girs/meta-13/-/meta-13-13.0.0-3.2.5.tgz",
      "integrity": "sha512-oaNnbPnwFD/6c4h4XjIgOypT80YqOWVALoTs0vGIC6JeVsmTPcKI4n2SBoqnomd3/QcAhLYj4jZYlUPeFUHyGw==",
      "dev": true,
      "dependencies": {
        "@girs/atk-1.0": "^2.50.0-3.2.5",
        "@girs/cairo-1.0": "^1.0.0-3.2.5",
        "@girs/clutter-13": "^13.0.0-3.2.5",
        "@girs/cogl-13": "^13.0.0-3.2.5",
        "@girs/coglpango-13": "^13.0.0-3.2.5",
        "@girs/freetype2-2.0": "^2.0.0-3.2.5",
        "@girs/gdesktopenums-3.0": "^3.0.0-3.2.5",
        "@girs/gio-2.0": "^2.78.0-3.2.5",
        "@girs/gjs": "^3.2.5",
        "@girs/gl-1.0": "^1.0.0-3.2.5",
        "@girs/glib-2.0": "^2.78.0-3.2.5",
        "@girs/gobject-2.0": "^2.78.0-3.2.5",
        "@girs/graphene-1.0": "^1.0.0-3.2.5",
        "@girs/harfbuzz-0.0": "^8.2.1-3.2.5",
        "@girs/json-1.0": "^1.7.1-3.2.5",
        "@girs/mtk-13": "^13.0.0-3.2.5",
        "@girs/pango-1.0": "^1.51.0-3.2.5",
        "@girs/pangocairo-1.0": "^1.0.0-3.2.5",
        "@girs/xfixes-4.0": "^4.0.0-3.2.5",
        "@girs/xlib-2.0": "^2.0.0-3.2.5"
      }
    },
    "node_modules/@girs/mtk-13": {
      "version": "13.0.0-3.2.5",
      "resolved": "https://registry.npmjs.org/@girs/mtk-13/-/mtk-13-13.0.0-3.2.5.tgz",
      "integrity": "sha512-6iadZ1tjlTZ5BWBgH4jIujg/8ev0Oi9jcLRqhzPCIpuK5H0DWFJ7AAKMfy+97li5Ws/6SRX+kFgb9DsvQ0CFOQ==",
      "dev": true,
      "dependencies": {
        "@girs/cairo-1.0": "^1.0.0-3.2.5",
        "@girs/gjs": "^3.2.5",
        "@girs/glib-2.0": "^2.78.0-3.2.5",
        "@girs/gobject-2.0": "^2.78.0-3.2.5",
        "@girs/graphene-1.0": "^1.0.0-3.2.5"
      }
    },
    "node_modules/@girs/nm-1.0": {
      "version": "1.45.1-3.2.5",
      "resolved": "https://registry.npmjs.org/@girs/nm-1.0/-/nm-1.0-1.45.1-3.2.5.tgz",
      "integrity": "sha512-zJFOLfJpzJF5SAXOgGXN4diiwl/Z5e0Oo0INiUkg038nnq95N9eHBVbiqM+Q4l/YmcHw65rxPOr7hpPC9dSJwA==",
      "dev": true,
      "dependencies": {
        "@girs/gio-2.0": "^2.78.0-3.2.5",
        "@girs/gjs": "^3.2.5",
        "@girs/glib-2.0": "^2.78.0-3.2.5",
        "@girs/gobject-2.0": "^2.78.0-3.2.5"
      }
    },
    "node_modules/@girs/pango-1.0": {
      "version": "1.51.0-3.2.5",
      "resolved": "https://registry.npmjs.org/@girs/pango-1.0/-/pango-1.0-1.51.0-3.2.5.tgz",
      "integrity": "sha512-ovr00FAEpbEhtsFb+dmZKgKcCrhNyAL26ypgaW+LswUQ7u6v5Qw1xQhWJSbQwEWxJ/ta48PyB/rrCVmNcHnDLg==",
      "dev": true,
      "dependencies": {
        "@girs/cairo-1.0": "^1.0.0-3.2.5",
        "@girs/freetype2-2.0": "^2.0.0-3.2.5",
        "@girs/gio-2.0": "^2.78.0-3.2.5",
        "@girs/gjs": "^3.2.5",
        "@girs/glib-2.0": "^2.78.0-3.2.5",
        "@girs/gobject-2.0": "^2.78.0-3.2.5",
        "@girs/harfbuzz-0.0": "^8.2.1-3.2.5"
      }
    },
    "node_modules/@girs/pangocairo-1.0": {
      "version": "1.0.0-3.2.5",
      "resolved": "https://registry.npmjs.org/@girs/pangocairo-1.0/-/pangocairo-1.0-1.0.0-3.2.5.tgz",
      "integrity": "sha512-bnzn8dbK5DVxtJdpL29oJ3UrlhABJ+8zazHudPHQrwuF6OOu3e37XFW6WCDucxHLQvvy9HTzNqm4xTYg4hAqbw==",
      "dev": true,
      "dependencies": {
        "@girs/cairo-1.0": "^1.0.0-3.2.5",
        "@girs/freetype2-2.0": "^2.0.0-3.2.5",
        "@girs/gio-2.0": "^2.78.0-3.2.5",
        "@girs/gjs": "^3.2.5",
        "@girs/glib-2.0": "^2.78.0-3.2.5",
        "@girs/gobject-2.0": "^2.78.0-3.2.5",
        "@girs/harfbuzz-0.0": "^8.2.1-3.2.5",
        "@girs/pango-1.0": "^1.51.0-3.2.5"
      }
    },
    "node_modules/@girs/polkit-1.0": {
      "version": "1.0.0-3.2.5",
      "resolved": "https://registry.npmjs.org/@girs/polkit-1.0/-/polkit-1.0-1.0.0-3.2.5.tgz",
      "integrity": "sha512-sxn1dFyfcpbCYXRoSol9K9hgO5b13wpkxvY73Tmh4HxFVq1GA/V+w9nV05h6xDyAKlc6MsvqLpUCbDAsrkSbfA==",
      "dev": true,
      "dependencies": {
        "@girs/gio-2.0": "^2.78.0-3.2.5",
        "@girs/gjs": "^3.2.5",
        "@girs/glib-2.0": "^2.78.0-3.2.5",
        "@girs/gobject-2.0": "^2.78.0-3.2.5"
      }
    },
    "node_modules/@girs/polkitagent-1.0": {
      "version": "1.0.0-3.2.5",
      "resolved": "https://registry.npmjs.org/@girs/polkitagent-1.0/-/polkitagent-1.0-1.0.0-3.2.5.tgz",
      "integrity": "sha512-0R/3qtM+l9DgVgyA4PxB77ohS28kcu5WrYLqdnJaZZVPxaDwnntwo+Tdpun3oH4gOtFtVuj9qJ0LthU88gyPww==",
      "dev": true,
      "dependencies": {
        "@girs/gio-2.0": "^2.78.0-3.2.5",
        "@girs/gjs": "^3.2.5",
        "@girs/glib-2.0": "^2.78.0-3.2.5",
        "@girs/gobject-2.0": "^2.78.0-3.2.5",
        "@girs/polkit-1.0": "^1.0.0-3.2.5"
      }
    },
    "node_modules/@girs/shell-13": {
      "version": "13.0.0-3.2.5",
      "resolved": "https://registry.npmjs.org/@girs/shell-13/-/shell-13-13.0.0-3.2.5.tgz",
      "integrity": "sha512-yuGmkpPG2gy0937D1xggslyg6kcwIFDUfYHLjQNcqLneXjrgyHUYQGRv90GDvdoD5Jl25YT36hb5Yt/cZFch4A==",
      "dev": true,
      "dependencies": {
        "@girs/atk-1.0": "^2.50.0-3.2.5",
        "@girs/cairo-1.0": "^1.0.0-3.2.5",
        "@girs/cally-13": "^13.0.0-3.2.5",
        "@girs/clutter-13": "^13.0.0-3.2.5",
        "@girs/cogl-13": "^13.0.0-3.2.5",
        "@girs/coglpango-13": "^13.0.0-3.2.5",
        "@girs/freetype2-2.0": "^2.0.0-3.2.5",
        "@girs/gck-2": "^4.1.0-3.2.5",
        "@girs/gcr-4": "^4.1.0-3.2.5",
        "@girs/gdesktopenums-3.0": "^3.0.0-3.2.5",
        "@girs/gdkpixbuf-2.0": "^2.0.0-3.2.5",
        "@girs/gio-2.0": "^2.78.0-3.2.5",
        "@girs/gjs": "^3.2.5",
        "@girs/gl-1.0": "^1.0.0-3.2.5",
        "@girs/glib-2.0": "^2.78.0-3.2.5",
        "@girs/gmodule-2.0": "^2.0.0-3.2.5",
        "@girs/gobject-2.0": "^2.78.0-3.2.5",
        "@girs/graphene-1.0": "^1.0.0-3.2.5",
        "@girs/gvc-1.0": "^1.0.0-3.2.5",
        "@girs/harfbuzz-0.0": "^8.2.1-3.2.5",
        "@girs/json-1.0": "^1.7.1-3.2.5",
        "@girs/meta-13": "^13.0.0-3.2.5",
        "@girs/mtk-13": "^13.0.0-3.2.5",
        "@girs/nm-1.0": "^1.45.1-3.2.5",
        "@girs/pango-1.0": "^1.51.0-3.2.5",
        "@girs/pangocairo-1.0": "^1.0.0-3.2.5",
        "@girs/polkit-1.0": "^1.0.0-3.2.5",
        "@girs/polkitagent-1.0": "^1.0.0-3.2.5",
        "@girs/st-13": "^13.0.0-3.2.5",
        "@girs/xfixes-4.0": "^4.0.0-3.2.5",
        "@girs/xlib-2.0": "^2.0.0-3.2.5"
      }
    },
    "node_modules/@girs/shew-0": {
      "version": "0.0.0-3.2.5",
      "resolved": "https://registry.npmjs.org/@girs/shew-0/-/shew-0-0.0.0-3.2.5.tgz",
      "integrity": "sha512-mfuD/PaZaUEvoxm/psn02J039AfgiukAy0LbTUQKIJPSTxkzNJoBgdb+RsQVWnLFha4rXgKRBDCD9T/qR20CGQ==",
      "dev": true,
      "dependencies": {
        "@girs/cairo-1.0": "^1.0.0-3.2.5",
        "@girs/freetype2-2.0": "^2.0.0-3.2.5",
        "@girs/gdk-4.0": "^4.0.0-3.2.5",
        "@girs/gdkpixbuf-2.0": "^2.0.0-3.2.5",
        "@girs/gio-2.0": "^2.78.0-3.2.5",
        "@girs/gjs": "^3.2.5",
        "@girs/glib-2.0": "^2.78.0-3.2.5",
        "@girs/gmodule-2.0": "^2.0.0-3.2.5",
        "@girs/gobject-2.0": "^2.78.0-3.2.5",
        "@girs/graphene-1.0": "^1.0.0-3.2.5",
        "@girs/gsk-4.0": "^4.0.0-3.2.5",
        "@girs/gtk-4.0": "^4.12.3-3.2.5",
        "@girs/harfbuzz-0.0": "^8.2.1-3.2.5",
        "@girs/pango-1.0": "^1.51.0-3.2.5",
        "@girs/pangocairo-1.0": "^1.0.0-3.2.5"
      }
    },
    "node_modules/@girs/st-13": {
      "version": "13.0.0-3.2.5",
      "resolved": "https://registry.npmjs.org/@girs/st-13/-/st-13-13.0.0-3.2.5.tgz",
      "integrity": "sha512-cMG4VBbuPEP0auKkOfFiCcmRpbgpSn4/Z+IvP5m5f7XI1YX1gPYKZl8cEyIEW57+O/lh4mpkDL+AVvepIKFyww==",
      "dev": true,
      "dependencies": {
        "@girs/atk-1.0": "^2.50.0-3.2.5",
        "@girs/cairo-1.0": "^1.0.0-3.2.5",
        "@girs/cally-13": "^13.0.0-3.2.5",
        "@girs/clutter-13": "^13.0.0-3.2.5",
        "@girs/cogl-13": "^13.0.0-3.2.5",
        "@girs/coglpango-13": "^13.0.0-3.2.5",
        "@girs/freetype2-2.0": "^2.0.0-3.2.5",
        "@girs/gdesktopenums-3.0": "^3.0.0-3.2.5",
        "@girs/gdkpixbuf-2.0": "^2.0.0-3.2.5",
        "@girs/gio-2.0": "^2.78.0-3.2.5",
        "@girs/gjs": "^3.2.5",
        "@girs/gl-1.0": "^1.0.0-3.2.5",
        "@girs/glib-2.0": "^2.78.0-3.2.5",
        "@girs/gmodule-2.0": "^2.0.0-3.2.5",
        "@girs/gobject-2.0": "^2.78.0-3.2.5",
        "@girs/graphene-1.0": "^1.0.0-3.2.5",
        "@girs/harfbuzz-0.0": "^8.2.1-3.2.5",
        "@girs/json-1.0": "^1.7.1-3.2.5",
        "@girs/meta-13": "^13.0.0-3.2.5",
        "@girs/mtk-13": "^13.0.0-3.2.5",
        "@girs/pango-1.0": "^1.51.0-3.2.5",
        "@girs/pangocairo-1.0": "^1.0.0-3.2.5",
        "@girs/xfixes-4.0": "^4.0.0-3.2.5",
        "@girs/xlib-2.0": "^2.0.0-3.2.5"
      }
    },
    "node_modules/@girs/upowerglib-1.0": {
      "version": "0.99.1-3.2.5",
      "resolved": "https://registry.npmjs.org/@girs/upowerglib-1.0/-/upowerglib-1.0-0.99.1-3.2.5.tgz",
      "integrity": "sha512-jYSmmi5X5orddQVkpaS6RGDBi3k4bxrrducNiahnpaM6YdtIjET9BMcBRW+mDqLxZxPwGd0ThKM5eP6TX15CEA==",
      "dev": true,
      "dependencies": {
        "@girs/gio-2.0": "^2.78.0-3.2.5",
        "@girs/gjs": "^3.2.5",
        "@girs/glib-2.0": "^2.78.0-3.2.5",
        "@girs/gobject-2.0": "^2.78.0-3.2.5"
      }
    },
    "node_modules/@girs/xfixes-4.0": {
      "version": "4.0.0-3.2.5",
      "resolved": "https://registry.npmjs.org/@girs/xfixes-4.0/-/xfixes-4.0-4.0.0-3.2.5.tgz",
      "integrity": "sha512-gUdBen1dAQTP+OfwS6/6swYp9+cuy3g0tZzAVzur48T62UB5prwnki/EBMYWbqaH1Hn+JGLTwKXHvGkdmTPxCQ==",
      "dev": true,
      "dependencies": {
        "@girs/gjs": "^3.2.5",
        "@girs/gobject-2.0": "^2.78.0-3.2.5"
      }
    },
    "node_modules/@girs/xlib-2.0": {
      "version": "2.0.0-3.2.5",
      "resolved": "https://registry.npmjs.org/@girs/xlib-2.0/-/xlib-2.0-2.0.0-3.2.5.tgz",
      "integrity": "sha512-nTfP70qGiVV+g13hxe7s923VSCNRLIbhetJQO0z8uSuvHXKGpQFVW/R4GcePNjizbVWu7FSArzF2vPkvfp8UsA==",
      "dev": true,
      "dependencies": {
        "@girs/gjs": "^3.2.5",
        "@girs/gobject-2.0": "^2.78.0-3.2.5"
      }
    },
    "node_modules/typescript": {
      "version": "5.2.2",
      "resolved": "https://registry.npmjs.org/typescript/-/typescript-5.2.2.tgz",
      "integrity": "sha512-mI4WrpHsbCIcwT9cF4FZvr80QUeKvsUsUvKDoR+X/7XHQH98xYD8YHZg7ANtz2GtZt/CBq2QJ0thkGJMHfqc1w==",
      "dev": true,
      "bin": {
        "tsc": "bin/tsc",
        "tsserver": "bin/tsserver"
      },
      "engines": {
        "node": ">=14.17"
      }
    }
  }
}
