{
  "name": "gnome-shell-extension-gtile",
  "version": "1.0.0",
  "lockfileVersion": 3,
  "requires": true,
  "packages": {
    "": {
      "name": "gnome-shell-extension-gtile",
      "version": "1.0.0",
      "license": "GPL-2.0-or-later",
      "devDependencies": {
        "@gtile/adw-1": "^1.4.0-3.2.3",
        "@gtile/gnome-shell": "^3.0.0",
        "typescript": "^5.2.2"
      }
    },
    "node_modules/@gtile/adw-1": {
      "version": "1.4.0-3.2.3",
      "resolved": "https://registry.npmjs.org/@gtile/adw-1/-/adw-1-1.4.0-3.2.3.tgz",
      "integrity": "sha512-SttoyU/48hv9I1rop+mt/2bQ++nO4PcEIi/zIKDRa2ga+GjJKBPOLOdfLN07Hv+zu2nr4ZIWITyrUuBTGXXLfw==",
      "dev": true,
      "dependencies": {
        "@gtile/cairo-1.0": "*",
        "@gtile/freetype2-2.0": "*",
        "@gtile/gdk-4.0": "*",
        "@gtile/gdkpixbuf-2.0": "*",
        "@gtile/gio-2.0": "*",
        "@gtile/gjs": "3.2.3",
        "@gtile/glib-2.0": "*",
        "@gtile/gmodule-2.0": "*",
        "@gtile/gobject-2.0": "*",
        "@gtile/graphene-1.0": "*",
        "@gtile/gsk-4.0": "*",
        "@gtile/gtk-4.0": "*",
        "@gtile/harfbuzz-0.0": "*",
        "@gtile/pango-1.0": "*",
        "@gtile/pangocairo-1.0": "*"
      }
    },
    "node_modules/@gtile/atk-1.0": {
      "version": "2.50.0-3.2.3",
      "resolved": "https://registry.npmjs.org/@gtile/atk-1.0/-/atk-1.0-2.50.0-3.2.3.tgz",
      "integrity": "sha512-/p0F+1M9t7aQM1A59Pffd/s9/YZpvlKidRjVLes3wJLsqVy/v004Fcl5m7KbrLzJKMewjltVY+fkDbKnNViNQw==",
      "dev": true,
      "dependencies": {
        "@gtile/gjs": "3.2.3",
        "@gtile/glib-2.0": "*",
        "@gtile/gobject-2.0": "*"
      }
    },
    "node_modules/@gtile/cairo-1.0": {
      "version": "1.0.0-3.2.3",
      "resolved": "https://registry.npmjs.org/@gtile/cairo-1.0/-/cairo-1.0-1.0.0-3.2.3.tgz",
      "integrity": "sha512-o083lVtRwkI/7VUX8iyXKXwZAU2n+bS+twGCOrw9EyK0pUPDkjNy6vV92KvyfzYVxo/MhxDe+9f24naVD0lmiQ==",
      "dev": true,
      "dependencies": {
        "@gtile/gjs": "3.2.3",
        "@gtile/glib-2.0": "*",
        "@gtile/gobject-2.0": "*"
      }
    },
    "node_modules/@gtile/cally-13": {
      "version": "13.0.0-3.2.3",
      "resolved": "https://registry.npmjs.org/@gtile/cally-13/-/cally-13-13.0.0-3.2.3.tgz",
      "integrity": "sha512-CeQH7K/Xw4bGFI0cORh0J2iz4tEt4vDwQyBkmpoDhtwHQUWIuD9cOnM7Lu1VAUK2ZxixZDldTw8isx9Bh6+Syw==",
      "dev": true,
      "dependencies": {
        "@gtile/atk-1.0": "*",
        "@gtile/cairo-1.0": "*",
        "@gtile/clutter-13": "*",
        "@gtile/cogl-13": "*",
        "@gtile/coglpango-13": "*",
        "@gtile/freetype2-2.0": "*",
        "@gtile/gio-2.0": "*",
        "@gtile/gjs": "3.2.3",
        "@gtile/gl-1.0": "*",
        "@gtile/glib-2.0": "*",
        "@gtile/gobject-2.0": "*",
        "@gtile/graphene-1.0": "*",
        "@gtile/harfbuzz-0.0": "*",
        "@gtile/json-1.0": "*",
        "@gtile/mtk-13": "*",
        "@gtile/pango-1.0": "*",
        "@gtile/pangocairo-1.0": "*"
      }
    },
    "node_modules/@gtile/clutter-13": {
      "version": "13.0.0-3.2.3",
      "resolved": "https://registry.npmjs.org/@gtile/clutter-13/-/clutter-13-13.0.0-3.2.3.tgz",
      "integrity": "sha512-mvq0uOEFZOzMsfxIh5cRDwgusmzu55uo7Sft22Mg/6+tgLoTbTBP2XID9j7Silt/3xWIBBsLO9ueH+x90VQMlQ==",
      "dev": true,
      "dependencies": {
        "@gtile/atk-1.0": "*",
        "@gtile/cairo-1.0": "*",
        "@gtile/cogl-13": "*",
        "@gtile/coglpango-13": "*",
        "@gtile/freetype2-2.0": "*",
        "@gtile/gio-2.0": "*",
        "@gtile/gjs": "3.2.3",
        "@gtile/gl-1.0": "*",
        "@gtile/glib-2.0": "*",
        "@gtile/gobject-2.0": "*",
        "@gtile/graphene-1.0": "*",
        "@gtile/harfbuzz-0.0": "*",
        "@gtile/json-1.0": "*",
        "@gtile/mtk-13": "*",
        "@gtile/pango-1.0": "*",
        "@gtile/pangocairo-1.0": "*"
      }
    },
    "node_modules/@gtile/cogl-13": {
      "version": "13.0.0-3.2.3",
      "resolved": "https://registry.npmjs.org/@gtile/cogl-13/-/cogl-13-13.0.0-3.2.3.tgz",
      "integrity": "sha512-Gr7ekca1cO2Y5b7BWCbqQ/1Zk2D/81tSzlBs8rd4NaXY5ehZ+rRxRW5oavLNznVh+WmYxaCByJVx6FsOKAilOw==",
      "dev": true,
      "dependencies": {
        "@gtile/cairo-1.0": "*",
        "@gtile/gjs": "3.2.3",
        "@gtile/gl-1.0": "*",
        "@gtile/glib-2.0": "*",
        "@gtile/gobject-2.0": "*",
        "@gtile/graphene-1.0": "*"
      }
    },
    "node_modules/@gtile/coglpango-13": {
      "version": "13.0.0-3.2.3",
      "resolved": "https://registry.npmjs.org/@gtile/coglpango-13/-/coglpango-13-13.0.0-3.2.3.tgz",
      "integrity": "sha512-ZjlbYe73TTdqHHrrRFcI05ZGcoJeyVdzK0HACWSrQRIpNdWv42e1yp+rV9Yht3fMG3F8krH9IG0CKkrxaSlgCw==",
      "dev": true,
      "dependencies": {
        "@gtile/cairo-1.0": "*",
        "@gtile/cogl-13": "*",
        "@gtile/freetype2-2.0": "*",
        "@gtile/gio-2.0": "*",
        "@gtile/gjs": "3.2.3",
        "@gtile/gl-1.0": "*",
        "@gtile/glib-2.0": "*",
        "@gtile/gobject-2.0": "*",
        "@gtile/graphene-1.0": "*",
        "@gtile/harfbuzz-0.0": "*",
        "@gtile/pango-1.0": "*",
        "@gtile/pangocairo-1.0": "*"
      }
    },
    "node_modules/@gtile/freetype2-2.0": {
      "version": "2.0.0-3.2.3",
      "resolved": "https://registry.npmjs.org/@gtile/freetype2-2.0/-/freetype2-2.0-2.0.0-3.2.3.tgz",
      "integrity": "sha512-BrlM+xmBoQyDWBNdKwCEwveoTCB4oVlGf7ARba6yPkR85+z/VbqejBP2irrWshdd3G0HWIO6eyZrD6Q8YneOOA==",
      "dev": true,
      "dependencies": {
        "@gtile/gjs": "3.2.3",
        "@gtile/gobject-2.0": "*"
      }
    },
    "node_modules/@gtile/gck-2": {
      "version": "4.1.0-3.2.3",
      "resolved": "https://registry.npmjs.org/@gtile/gck-2/-/gck-2-4.1.0-3.2.3.tgz",
      "integrity": "sha512-fdTWkYemzIHccFnabmg7O9eoa3k0YnHrwz55OPQ/+QTloB6WQpd0L8/hghNJjpzsxe5yzRyDT09Y4tWC4HsMvQ==",
      "dev": true,
      "dependencies": {
        "@gtile/gio-2.0": "*",
        "@gtile/gjs": "3.2.3",
        "@gtile/glib-2.0": "*",
        "@gtile/gobject-2.0": "*"
      }
    },
    "node_modules/@gtile/gcr-4": {
      "version": "4.1.0-3.2.3",
      "resolved": "https://registry.npmjs.org/@gtile/gcr-4/-/gcr-4-4.1.0-3.2.3.tgz",
      "integrity": "sha512-1rMb58GQlzMSkdwQBNERG+KWDtrMKsuh7I8drqPqTIjVmgEY/A3bJ4FgRFPYsSVC12iHRpyDCgO0mGDQeb76aA==",
      "dev": true,
      "dependencies": {
        "@gtile/gck-2": "*",
        "@gtile/gio-2.0": "*",
        "@gtile/gjs": "3.2.3",
        "@gtile/glib-2.0": "*",
        "@gtile/gobject-2.0": "*"
      }
    },
    "node_modules/@gtile/gdesktopenums-3.0": {
      "version": "3.0.0-3.2.3",
      "resolved": "https://registry.npmjs.org/@gtile/gdesktopenums-3.0/-/gdesktopenums-3.0-3.0.0-3.2.3.tgz",
      "integrity": "sha512-7eYVWujnAVHNm0Ct1jtMHzmem4TPcjXQfs7M+tb654Vz6aqBPUuTmDoJW35O1E+ZC7WqtfxWnHXN/OM6HyoHZA==",
      "dev": true,
      "dependencies": {
        "@gtile/gjs": "3.2.3",
        "@gtile/gobject-2.0": "*"
      }
    },
    "node_modules/@gtile/gdk-4.0": {
      "version": "4.0.0-3.2.3",
      "resolved": "https://registry.npmjs.org/@gtile/gdk-4.0/-/gdk-4.0-4.0.0-3.2.3.tgz",
      "integrity": "sha512-zTU8yRoTwCqjPwfdPymBAyF8U9B/49dKOCDD/mtSlortpe7hSy94fIDxuGolosdAOcACpVRPqJsAOsbKJvPnvw==",
      "dev": true,
      "dependencies": {
        "@gtile/cairo-1.0": "*",
        "@gtile/freetype2-2.0": "*",
        "@gtile/gdkpixbuf-2.0": "*",
        "@gtile/gio-2.0": "*",
        "@gtile/gjs": "3.2.3",
        "@gtile/glib-2.0": "*",
        "@gtile/gmodule-2.0": "*",
        "@gtile/gobject-2.0": "*",
        "@gtile/harfbuzz-0.0": "*",
        "@gtile/pango-1.0": "*",
        "@gtile/pangocairo-1.0": "*"
      }
    },
    "node_modules/@gtile/gdkpixbuf-2.0": {
      "version": "2.0.0-3.2.3",
      "resolved": "https://registry.npmjs.org/@gtile/gdkpixbuf-2.0/-/gdkpixbuf-2.0-2.0.0-3.2.3.tgz",
      "integrity": "sha512-t3XK8h/Jv/KYEh+RA9RxEdNGYdFDS0CoLU7c7ueDoM5nJsxNKD2UBOF+GJOMVFapfKo5kBMVgmwHy+qy6cUEqA==",
      "dev": true,
      "dependencies": {
        "@gtile/gio-2.0": "*",
        "@gtile/gjs": "3.2.3",
        "@gtile/glib-2.0": "*",
        "@gtile/gmodule-2.0": "*",
        "@gtile/gobject-2.0": "*"
      }
    },
    "node_modules/@gtile/gio-2.0": {
      "version": "2.78.0-3.2.3",
      "resolved": "https://registry.npmjs.org/@gtile/gio-2.0/-/gio-2.0-2.78.0-3.2.3.tgz",
      "integrity": "sha512-hp4Znpufc1icUlz7Yg6vVhWiLUXNHwogOqVWnBwbdDOfdbXIZcl4WYBQDEYU4p8Bfk/Mdd/Ut//Qz5qrX/b8yg==",
      "dev": true,
      "dependencies": {
        "@gtile/gjs": "3.2.3",
        "@gtile/glib-2.0": "*",
        "@gtile/gobject-2.0": "*"
      }
    },
    "node_modules/@gtile/gjs": {
      "version": "3.2.3",
      "resolved": "https://registry.npmjs.org/@gtile/gjs/-/gjs-3.2.3.tgz",
      "integrity": "sha512-mO1yUPyMhzhOUYESX3syIHU2Ztm1V9INehPSTFNEa4zVzCI09sedmJFIE1fAmhc6d/p0cevnKiK0q/d76plIDQ==",
      "dev": true,
      "dependencies": {
        "@gtile/glib-2.0": "*",
        "@gtile/gobject-2.0": "*"
      }
    },
    "node_modules/@gtile/gl-1.0": {
      "version": "1.0.0-3.2.3",
      "resolved": "https://registry.npmjs.org/@gtile/gl-1.0/-/gl-1.0-1.0.0-3.2.3.tgz",
      "integrity": "sha512-cAC1CV+yiG+LVUh51gjI1JYxAoStKzg2phKvkEDtwSHADgXK3weJZGthSiWu5gihK1KLSXFEUfg7lQacnhC2Sg==",
      "dev": true,
      "dependencies": {
        "@gtile/gjs": "3.2.3",
        "@gtile/gobject-2.0": "*"
      }
    },
    "node_modules/@gtile/glib-2.0": {
      "version": "2.78.0-3.2.3",
      "resolved": "https://registry.npmjs.org/@gtile/glib-2.0/-/glib-2.0-2.78.0-3.2.3.tgz",
      "integrity": "sha512-8b6AIoD3dW1r05bDfjDQmx2Y0LfnMz1dxDBV834SOHt/Syrwsi6Ry4opqdYYY5ElToMQm9NgfzfHnGlYG0fqYw==",
      "dev": true,
      "dependencies": {
        "@gtile/gjs": "3.2.3",
        "@gtile/gobject-2.0": "*"
      }
    },
    "node_modules/@gtile/gmodule-2.0": {
      "version": "2.0.0-3.2.3",
      "resolved": "https://registry.npmjs.org/@gtile/gmodule-2.0/-/gmodule-2.0-2.0.0-3.2.3.tgz",
      "integrity": "sha512-S8R1wsCC8eK8SKtKJnB4Q0VVOJRaLrnA1RyYsKKvQacA1FVg7iVhvTVpQpJ7lqDAhsLA5hO2wF7AtqFO8vU3Gg==",
      "dev": true,
      "dependencies": {
        "@gtile/gjs": "3.2.3",
        "@gtile/glib-2.0": "*",
        "@gtile/gobject-2.0": "*"
      }
    },
    "node_modules/@gtile/gnome-shell": {
      "version": "3.0.0",
      "resolved": "https://registry.npmjs.org/@gtile/gnome-shell/-/gnome-shell-3.0.0.tgz",
      "integrity": "sha512-DMLAd6rZ/+ndEjYogR+iLkOPvq8+lAXvHAJiLJyuTRgeCm8ZHystASsGEf3vMgfAX4a8iFAtQl1ltkX384TZug==",
      "dev": true,
      "dependencies": {
        "@gtile/atk-1.0": "2.50.0-3.2.3",
        "@gtile/cally-13": "13.0.0-3.2.3",
        "@gtile/clutter-13": "13.0.0-3.2.3",
        "@gtile/cogl-13": "13.0.0-3.2.3",
        "@gtile/gcr-4": "4.1.0-3.2.3",
        "@gtile/gio-2.0": "2.78.0-3.2.3",
        "@gtile/gjs": "3.2.3",
        "@gtile/glib-2.0": "2.78.0-3.2.3",
        "@gtile/gnomebg-4.0": "4.0.0-3.2.3",
        "@gtile/gnomedesktop-4.0": "4.0.0-3.2.3",
        "@gtile/gobject-2.0": "2.78.0-3.2.3",
        "@gtile/meta-13": "13.0.0-3.2.3",
        "@gtile/shell-13": "13.0.0-3.2.3",
        "@gtile/shew-0": "0.0.0-3.2.3",
        "@gtile/st-13": "13.0.0-3.2.3"
      }
    },
    "node_modules/@gtile/gnomebg-4.0": {
      "version": "4.0.0-3.2.3",
      "resolved": "https://registry.npmjs.org/@gtile/gnomebg-4.0/-/gnomebg-4.0-4.0.0-3.2.3.tgz",
      "integrity": "sha512-oPhv3UzTrUlLxsgeocK1bWsew2vuKJguIfSvq/WUo/RiqDXLhtviXO5z2UYhysszOClOgfEokMWzV3gLEEOz9A==",
      "dev": true,
      "dependencies": {
        "@gtile/cairo-1.0": "*",
        "@gtile/freetype2-2.0": "*",
        "@gtile/gdesktopenums-3.0": "*",
        "@gtile/gdk-4.0": "*",
        "@gtile/gdkpixbuf-2.0": "*",
        "@gtile/gio-2.0": "*",
        "@gtile/gjs": "3.2.3",
        "@gtile/glib-2.0": "*",
        "@gtile/gmodule-2.0": "*",
        "@gtile/gnomedesktop-4.0": "*",
        "@gtile/gobject-2.0": "*",
        "@gtile/harfbuzz-0.0": "*",
        "@gtile/pango-1.0": "*",
        "@gtile/pangocairo-1.0": "*"
      }
    },
    "node_modules/@gtile/gnomedesktop-4.0": {
      "version": "4.0.0-3.2.3",
      "resolved": "https://registry.npmjs.org/@gtile/gnomedesktop-4.0/-/gnomedesktop-4.0-4.0.0-3.2.3.tgz",
      "integrity": "sha512-VF8OwPF+ePo5ayJlhPmSjGOF0vsi7YV075SFrfDZwdYRTaeMkzpSkiQDCME41MOG98DXhtYQWXlHSVzDkBCk8w==",
      "dev": true,
      "dependencies": {
        "@gtile/gdesktopenums-3.0": "*",
        "@gtile/gdkpixbuf-2.0": "*",
        "@gtile/gio-2.0": "*",
        "@gtile/gjs": "3.2.3",
        "@gtile/glib-2.0": "*",
        "@gtile/gmodule-2.0": "*",
        "@gtile/gobject-2.0": "*"
      }
    },
    "node_modules/@gtile/gobject-2.0": {
      "version": "2.78.0-3.2.3",
      "resolved": "https://registry.npmjs.org/@gtile/gobject-2.0/-/gobject-2.0-2.78.0-3.2.3.tgz",
      "integrity": "sha512-A1LJ9DsTbDiQUZNfPLR2GP+Ji8ywb+C8TxTjO6K/qMvVvLaaNY31QTp+DSEgGfBscs3QCI7lDXGC8gt5YIsxQw==",
      "dev": true,
      "dependencies": {
        "@gtile/gjs": "3.2.3",
        "@gtile/glib-2.0": "*"
      }
    },
    "node_modules/@gtile/graphene-1.0": {
      "version": "1.0.0-3.2.3",
      "resolved": "https://registry.npmjs.org/@gtile/graphene-1.0/-/graphene-1.0-1.0.0-3.2.3.tgz",
      "integrity": "sha512-dfZOSUVy02qP5KuokAV9NCfOW/MrP1+rqCHCVYkqkyIHNk7kkaO9IP9qQK9hIMOGGDnALSqLu84oPUS6HSHpaQ==",
      "dev": true,
      "dependencies": {
        "@gtile/gjs": "3.2.3",
        "@gtile/glib-2.0": "*",
        "@gtile/gobject-2.0": "*"
      }
    },
    "node_modules/@gtile/gsk-4.0": {
      "version": "4.0.0-3.2.3",
      "resolved": "https://registry.npmjs.org/@gtile/gsk-4.0/-/gsk-4.0-4.0.0-3.2.3.tgz",
      "integrity": "sha512-I81aOxu5LzrKl6GlbtkI06+uDDfSa09iktkXWSU5w7z8iPWenLo7YmdGEbBxtKHec5aYZFShTgdQunSYdT+KLQ==",
      "dev": true,
      "dependencies": {
        "@gtile/cairo-1.0": "*",
        "@gtile/freetype2-2.0": "*",
        "@gtile/gdk-4.0": "*",
        "@gtile/gdkpixbuf-2.0": "*",
        "@gtile/gio-2.0": "*",
        "@gtile/gjs": "3.2.3",
        "@gtile/glib-2.0": "*",
        "@gtile/gmodule-2.0": "*",
        "@gtile/gobject-2.0": "*",
        "@gtile/graphene-1.0": "*",
        "@gtile/harfbuzz-0.0": "*",
        "@gtile/pango-1.0": "*",
        "@gtile/pangocairo-1.0": "*"
      }
    },
    "node_modules/@gtile/gtk-4.0": {
      "version": "4.12.3-3.2.3",
      "resolved": "https://registry.npmjs.org/@gtile/gtk-4.0/-/gtk-4.0-4.12.3-3.2.3.tgz",
      "integrity": "sha512-ei2BMoMyuWVYUvNOV1fIg4ZgWxHeJwP2/9Z3rKg64II18kjjYPVokGXr3XdCMnRN7DO5antdKrc/8o09UYzc1w==",
      "dev": true,
      "dependencies": {
        "@gtile/cairo-1.0": "*",
        "@gtile/freetype2-2.0": "*",
        "@gtile/gdk-4.0": "*",
        "@gtile/gdkpixbuf-2.0": "*",
        "@gtile/gio-2.0": "*",
        "@gtile/gjs": "3.2.3",
        "@gtile/glib-2.0": "*",
        "@gtile/gmodule-2.0": "*",
        "@gtile/gobject-2.0": "*",
        "@gtile/graphene-1.0": "*",
        "@gtile/gsk-4.0": "*",
        "@gtile/harfbuzz-0.0": "*",
        "@gtile/pango-1.0": "*",
        "@gtile/pangocairo-1.0": "*"
      }
    },
    "node_modules/@gtile/gvc-1.0": {
      "version": "1.0.0-3.2.3",
      "resolved": "https://registry.npmjs.org/@gtile/gvc-1.0/-/gvc-1.0-1.0.0-3.2.3.tgz",
      "integrity": "sha512-vdqlcqbns4s7T3Y3PG2l64MNRX+Z8aVmN0tojky1YkgvbnW/ZxgF3+GuMH22UMa/WzdgC8YcABOus3nsYqO0hg==",
      "dev": true,
      "dependencies": {
        "@gtile/gio-2.0": "*",
        "@gtile/gjs": "3.2.3",
        "@gtile/glib-2.0": "*",
        "@gtile/gobject-2.0": "*"
      }
    },
    "node_modules/@gtile/harfbuzz-0.0": {
      "version": "8.3.0-3.2.3",
      "resolved": "https://registry.npmjs.org/@gtile/harfbuzz-0.0/-/harfbuzz-0.0-8.3.0-3.2.3.tgz",
      "integrity": "sha512-B3xcgzbTWsM1t6WWD+ClatoKt8tsqqSqFbomcHGOQ2Bz0cnwPKfkndmr7G/+6aMk64fCL7MRYSlf21tp7tDvfw==",
      "dev": true,
      "dependencies": {
        "@gtile/freetype2-2.0": "*",
        "@gtile/gjs": "3.2.3",
        "@gtile/glib-2.0": "*",
        "@gtile/gobject-2.0": "*"
      }
    },
    "node_modules/@gtile/json-1.0": {
      "version": "1.8.0-3.2.3",
      "resolved": "https://registry.npmjs.org/@gtile/json-1.0/-/json-1.0-1.8.0-3.2.3.tgz",
      "integrity": "sha512-lKzACAjvBR+h+qc/GuOkDM3ga8+bZF2QexMt4SVj88H0djsN7a4tuqOaG+A0IsoJARxxE0qXQZl52Hw4k3OLqQ==",
      "dev": true,
      "dependencies": {
        "@gtile/gio-2.0": "*",
        "@gtile/gjs": "3.2.3",
        "@gtile/glib-2.0": "*",
        "@gtile/gobject-2.0": "*"
      }
    },
    "node_modules/@gtile/meta-13": {
      "version": "13.0.0-3.2.3",
      "resolved": "https://registry.npmjs.org/@gtile/meta-13/-/meta-13-13.0.0-3.2.3.tgz",
      "integrity": "sha512-2vgcVT2K2y5Yg7uzq1QP10C1zCWJ/oFzskImmrQ6fL9zUdspGRXBQkRkHuWDweKHp4zL1wqgy6d1TVTfaOZoVw==",
      "dev": true,
      "dependencies": {
        "@gtile/atk-1.0": "*",
        "@gtile/cairo-1.0": "*",
        "@gtile/clutter-13": "*",
        "@gtile/cogl-13": "*",
        "@gtile/coglpango-13": "*",
        "@gtile/freetype2-2.0": "*",
        "@gtile/gdesktopenums-3.0": "*",
        "@gtile/gio-2.0": "*",
        "@gtile/gjs": "3.2.3",
        "@gtile/gl-1.0": "*",
        "@gtile/glib-2.0": "*",
        "@gtile/gobject-2.0": "*",
        "@gtile/graphene-1.0": "*",
        "@gtile/harfbuzz-0.0": "*",
        "@gtile/json-1.0": "*",
        "@gtile/mtk-13": "*",
        "@gtile/pango-1.0": "*",
        "@gtile/pangocairo-1.0": "*",
        "@gtile/xfixes-4.0": "*",
        "@gtile/xlib-2.0": "*"
      }
    },
    "node_modules/@gtile/mtk-13": {
      "version": "13.0.0-3.2.3",
      "resolved": "https://registry.npmjs.org/@gtile/mtk-13/-/mtk-13-13.0.0-3.2.3.tgz",
      "integrity": "sha512-8tsAwYihJlRahpv1SFfHvrVZXFx/LPm03V03Br4KybIvj/amtHZaNCcTPrdQlJ9Phe3yoMsdTMp6gJnZ7EdGfQ==",
      "dev": true,
      "dependencies": {
        "@gtile/cairo-1.0": "*",
        "@gtile/gjs": "3.2.3",
        "@gtile/glib-2.0": "*",
        "@gtile/gobject-2.0": "*",
        "@gtile/graphene-1.0": "*"
      }
    },
    "node_modules/@gtile/nm-1.0": {
      "version": "1.44.2-3.2.3",
      "resolved": "https://registry.npmjs.org/@gtile/nm-1.0/-/nm-1.0-1.44.2-3.2.3.tgz",
      "integrity": "sha512-Xylukauv4mEdnRC0m6k/N5RMV5uG8AILOVBdzvDeW46LtLFUxWBgNjcb9ToQfe6xArfao2r9ZeKh/1sGCKdprA==",
      "dev": true,
      "dependencies": {
        "@gtile/gio-2.0": "*",
        "@gtile/gjs": "3.2.3",
        "@gtile/glib-2.0": "*",
        "@gtile/gobject-2.0": "*"
      }
    },
    "node_modules/@gtile/pango-1.0": {
      "version": "1.51.0-3.2.3",
      "resolved": "https://registry.npmjs.org/@gtile/pango-1.0/-/pango-1.0-1.51.0-3.2.3.tgz",
      "integrity": "sha512-2DLV12LYEE0HkhziRFxwhttrYpWbg2bLiuXLHLc0MxgWvTOF+5jemPi49o2T5tY9nSJ3pA030sgb8IIEbvbpkw==",
      "dev": true,
      "dependencies": {
        "@gtile/cairo-1.0": "*",
        "@gtile/freetype2-2.0": "*",
        "@gtile/gio-2.0": "*",
        "@gtile/gjs": "3.2.3",
        "@gtile/glib-2.0": "*",
        "@gtile/gobject-2.0": "*",
        "@gtile/harfbuzz-0.0": "*"
      }
    },
    "node_modules/@gtile/pangocairo-1.0": {
      "version": "1.0.0-3.2.3",
      "resolved": "https://registry.npmjs.org/@gtile/pangocairo-1.0/-/pangocairo-1.0-1.0.0-3.2.3.tgz",
      "integrity": "sha512-OCGMe2PU5eLU7+2ztynDs/1XrkRPkcSfsZCGcGB+D8WhFZULg+umEjWZGH8h4Ha+zQOkKT2OIB0yumPYlw5X0Q==",
      "dev": true,
      "dependencies": {
        "@gtile/cairo-1.0": "*",
        "@gtile/freetype2-2.0": "*",
        "@gtile/gio-2.0": "*",
        "@gtile/gjs": "3.2.3",
        "@gtile/glib-2.0": "*",
        "@gtile/gobject-2.0": "*",
        "@gtile/harfbuzz-0.0": "*",
        "@gtile/pango-1.0": "*"
      }
    },
    "node_modules/@gtile/polkit-1.0": {
      "version": "1.0.0-3.2.3",
      "resolved": "https://registry.npmjs.org/@gtile/polkit-1.0/-/polkit-1.0-1.0.0-3.2.3.tgz",
      "integrity": "sha512-yhqH51ZwUJwsgA0NJnAVJRa/pHYrGmrDjXvEggK802AcbjBT7mpd7iZOHDtd7FgJA7vqhREv2IWRbusM7a61NA==",
      "dev": true,
      "dependencies": {
        "@gtile/gio-2.0": "*",
        "@gtile/gjs": "3.2.3",
        "@gtile/glib-2.0": "*",
        "@gtile/gobject-2.0": "*"
      }
    },
    "node_modules/@gtile/polkitagent-1.0": {
      "version": "1.0.0-3.2.3",
      "resolved": "https://registry.npmjs.org/@gtile/polkitagent-1.0/-/polkitagent-1.0-1.0.0-3.2.3.tgz",
      "integrity": "sha512-C08BYrduPJDbNyYEvTAcu4jbchYJXsN0RbqbrO7oByPrvmdRMpq2uLWpWzVH0+QXUaP3wuq4g/KqZowmqIHI1w==",
      "dev": true,
      "dependencies": {
        "@gtile/gio-2.0": "*",
        "@gtile/gjs": "3.2.3",
        "@gtile/glib-2.0": "*",
        "@gtile/gobject-2.0": "*",
        "@gtile/polkit-1.0": "*"
      }
    },
    "node_modules/@gtile/shell-13": {
      "version": "13.0.0-3.2.3",
      "resolved": "https://registry.npmjs.org/@gtile/shell-13/-/shell-13-13.0.0-3.2.3.tgz",
      "integrity": "sha512-iAWxkrKk9DWheSqUyb36sahhnJfPsOtmg22Unx0PVIP//vg4nEAfQx+lxqFT3v/+6zZxoJNXytT+g8ruNgcdeA==",
      "dev": true,
      "dependencies": {
        "@gtile/atk-1.0": "*",
        "@gtile/cairo-1.0": "*",
        "@gtile/cally-13": "*",
        "@gtile/clutter-13": "*",
        "@gtile/cogl-13": "*",
        "@gtile/coglpango-13": "*",
        "@gtile/freetype2-2.0": "*",
        "@gtile/gck-2": "*",
        "@gtile/gcr-4": "*",
        "@gtile/gdesktopenums-3.0": "*",
        "@gtile/gdkpixbuf-2.0": "*",
        "@gtile/gio-2.0": "*",
        "@gtile/gjs": "3.2.3",
        "@gtile/gl-1.0": "*",
        "@gtile/glib-2.0": "*",
        "@gtile/gmodule-2.0": "*",
        "@gtile/gobject-2.0": "*",
        "@gtile/graphene-1.0": "*",
        "@gtile/gvc-1.0": "*",
        "@gtile/harfbuzz-0.0": "*",
        "@gtile/json-1.0": "*",
        "@gtile/meta-13": "*",
        "@gtile/mtk-13": "*",
        "@gtile/nm-1.0": "*",
        "@gtile/pango-1.0": "*",
        "@gtile/pangocairo-1.0": "*",
        "@gtile/polkit-1.0": "*",
        "@gtile/polkitagent-1.0": "*",
        "@gtile/st-13": "*",
        "@gtile/xfixes-4.0": "*",
        "@gtile/xlib-2.0": "*"
      }
    },
    "node_modules/@gtile/shew-0": {
      "version": "0.0.0-3.2.3",
      "resolved": "https://registry.npmjs.org/@gtile/shew-0/-/shew-0-0.0.0-3.2.3.tgz",
      "integrity": "sha512-hAOZj+LiYXZ7/j0ReeqkD1SqeHpu15uggt/5lmszE36Yb0BjRRvKtriJ6BCLUAHWJL7h1tAd2qLZZIQbbzriyw==",
      "dev": true,
      "dependencies": {
        "@gtile/cairo-1.0": "*",
        "@gtile/freetype2-2.0": "*",
        "@gtile/gdk-4.0": "*",
        "@gtile/gdkpixbuf-2.0": "*",
        "@gtile/gio-2.0": "*",
        "@gtile/gjs": "3.2.3",
        "@gtile/glib-2.0": "*",
        "@gtile/gmodule-2.0": "*",
        "@gtile/gobject-2.0": "*",
        "@gtile/graphene-1.0": "*",
        "@gtile/gsk-4.0": "*",
        "@gtile/gtk-4.0": "*",
        "@gtile/harfbuzz-0.0": "*",
        "@gtile/pango-1.0": "*",
        "@gtile/pangocairo-1.0": "*"
      }
    },
    "node_modules/@gtile/st-13": {
      "version": "13.0.0-3.2.3",
      "resolved": "https://registry.npmjs.org/@gtile/st-13/-/st-13-13.0.0-3.2.3.tgz",
      "integrity": "sha512-uUu/qnyjUSuNaIkpUoSaefhRwZ5MZljcbQqM/zOXnRds27Uodne26JovQNSqzdtDooz+/nivwajphAgsYDynSA==",
      "dev": true,
      "dependencies": {
        "@gtile/atk-1.0": "*",
        "@gtile/cairo-1.0": "*",
        "@gtile/cally-13": "*",
        "@gtile/clutter-13": "*",
        "@gtile/cogl-13": "*",
        "@gtile/coglpango-13": "*",
        "@gtile/freetype2-2.0": "*",
        "@gtile/gdesktopenums-3.0": "*",
        "@gtile/gdkpixbuf-2.0": "*",
        "@gtile/gio-2.0": "*",
        "@gtile/gjs": "3.2.3",
        "@gtile/gl-1.0": "*",
        "@gtile/glib-2.0": "*",
        "@gtile/gmodule-2.0": "*",
        "@gtile/gobject-2.0": "*",
        "@gtile/graphene-1.0": "*",
        "@gtile/harfbuzz-0.0": "*",
        "@gtile/json-1.0": "*",
        "@gtile/meta-13": "*",
        "@gtile/mtk-13": "*",
        "@gtile/pango-1.0": "*",
        "@gtile/pangocairo-1.0": "*",
        "@gtile/xfixes-4.0": "*",
        "@gtile/xlib-2.0": "*"
      }
    },
    "node_modules/@gtile/xfixes-4.0": {
      "version": "4.0.0-3.2.3",
      "resolved": "https://registry.npmjs.org/@gtile/xfixes-4.0/-/xfixes-4.0-4.0.0-3.2.3.tgz",
      "integrity": "sha512-qzDiq49BZ6MEOYzSlX/DjiOkPnR1mMnFPvFKSbun0cGfFgBJJ6IX6obvhf1KgNCh1bxAd6veTkfCi7cTWBlmIQ==",
      "dev": true,
      "dependencies": {
        "@gtile/gjs": "3.2.3",
        "@gtile/gobject-2.0": "*"
      }
    },
    "node_modules/@gtile/xlib-2.0": {
      "version": "2.0.0-3.2.3",
      "resolved": "https://registry.npmjs.org/@gtile/xlib-2.0/-/xlib-2.0-2.0.0-3.2.3.tgz",
      "integrity": "sha512-OjVhjNSkHiKSnBp+6S8d73aQezgaaq522efQrEM3EBoWGQjwTF5lIhu8cufJ51GWe5mtCcOGkUNCt90oWLyhqA==",
      "dev": true,
      "dependencies": {
        "@gtile/gjs": "3.2.3",
        "@gtile/gobject-2.0": "*"
      }
    },
    "node_modules/typescript": {
      "version": "5.2.2",
      "resolved": "https://registry.npmjs.org/typescript/-/typescript-5.2.2.tgz",
      "integrity": "sha512-mI4WrpHsbCIcwT9cF4FZvr80QUeKvsUsUvKDoR+X/7XHQH98xYD8YHZg7ANtz2GtZt/CBq2QJ0thkGJMHfqc1w==",
      "dev": true,
      "bin": {
        "tsc": "bin/tsc",
        "tsserver": "bin/tsserver"
      },
      "engines": {
        "node": ">=14.17"
      }
    }
  }
}
